// !$*UTF8*$!
{
	archiveVersion = 1;
	classes = {
	};
	objectVersion = 46;
	objects = {

/* Begin PBXBuildFile section */
		524C27141AF92CAB0083AB5A /* Social.framework in Frameworks */ = {isa = PBXBuildFile; fileRef = 524C27131AF92CAB0083AB5A /* Social.framework */; };
		524C27161AF92CB30083AB5A /* Accounts.framework in Frameworks */ = {isa = PBXBuildFile; fileRef = 524C27151AF92CB30083AB5A /* Accounts.framework */; };
		52D9F1A01AF9181A00C3DCF3 /* AppDelegate.swift in Sources */ = {isa = PBXBuildFile; fileRef = 52D9F19F1AF9181A00C3DCF3 /* AppDelegate.swift */; };
		52D9F1A31AF9181A00C3DCF3 /* ZenWalk.xcdatamodeld in Sources */ = {isa = PBXBuildFile; fileRef = 52D9F1A11AF9181A00C3DCF3 /* ZenWalk.xcdatamodeld */; };
		52D9F1A51AF9181A00C3DCF3 /* ViewController.swift in Sources */ = {isa = PBXBuildFile; fileRef = 52D9F1A41AF9181A00C3DCF3 /* ViewController.swift */; };
		52D9F1AA1AF9181B00C3DCF3 /* Images.xcassets in Resources */ = {isa = PBXBuildFile; fileRef = 52D9F1A91AF9181B00C3DCF3 /* Images.xcassets */; };
		52D9F1AD1AF9181B00C3DCF3 /* LaunchScreen.xib in Resources */ = {isa = PBXBuildFile; fileRef = 52D9F1AB1AF9181B00C3DCF3 /* LaunchScreen.xib */; };
		52D9F1B91AF9181B00C3DCF3 /* ZenWalkTests.swift in Sources */ = {isa = PBXBuildFile; fileRef = 52D9F1B81AF9181B00C3DCF3 /* ZenWalkTests.swift */; };
		52D9F1C81AF91B8D00C3DCF3 /* Bolts.framework in Frameworks */ = {isa = PBXBuildFile; fileRef = 52D9F1C21AF91B8D00C3DCF3 /* Bolts.framework */; };
		52D9F1C91AF91B8D00C3DCF3 /* ParseCrashReporting.framework in Frameworks */ = {isa = PBXBuildFile; fileRef = 52D9F1C31AF91B8D00C3DCF3 /* ParseCrashReporting.framework */; };
		52D9F1CA1AF91B8D00C3DCF3 /* ParseUI.framework in Frameworks */ = {isa = PBXBuildFile; fileRef = 52D9F1C41AF91B8D00C3DCF3 /* ParseUI.framework */; };
		52D9F1CB1AF91B8D00C3DCF3 /* ParseFacebookUtilsV4.framework in Frameworks */ = {isa = PBXBuildFile; fileRef = 52D9F1C51AF91B8D00C3DCF3 /* ParseFacebookUtilsV4.framework */; };
		52D9F1CC1AF91B8D00C3DCF3 /* ParseFacebookUtils.framework in Frameworks */ = {isa = PBXBuildFile; fileRef = 52D9F1C61AF91B8D00C3DCF3 /* ParseFacebookUtils.framework */; };
		52D9F1CD1AF91B8D00C3DCF3 /* Parse.framework in Frameworks */ = {isa = PBXBuildFile; fileRef = 52D9F1C71AF91B8D00C3DCF3 /* Parse.framework */; };
		52D9F1DA1AF91C4500C3DCF3 /* AudioToolbox.framework in Frameworks */ = {isa = PBXBuildFile; fileRef = 52D9F1CF1AF91C4400C3DCF3 /* AudioToolbox.framework */; };
		52D9F1DB1AF91C4500C3DCF3 /* CFNetwork.framework in Frameworks */ = {isa = PBXBuildFile; fileRef = 52D9F1D01AF91C4400C3DCF3 /* CFNetwork.framework */; };
		52D9F1DC1AF91C4500C3DCF3 /* CoreGraphics.framework in Frameworks */ = {isa = PBXBuildFile; fileRef = 52D9F1D11AF91C4400C3DCF3 /* CoreGraphics.framework */; };
		52D9F1DD1AF91C4500C3DCF3 /* CoreLocation.framework in Frameworks */ = {isa = PBXBuildFile; fileRef = 52D9F1D21AF91C4500C3DCF3 /* CoreLocation.framework */; };
		52D9F1DE1AF91C4500C3DCF3 /* libsqlite3.dylib in Frameworks */ = {isa = PBXBuildFile; fileRef = 52D9F1D31AF91C4500C3DCF3 /* libsqlite3.dylib */; };
		52D9F1DF1AF91C4500C3DCF3 /* libz.dylib in Frameworks */ = {isa = PBXBuildFile; fileRef = 52D9F1D41AF91C4500C3DCF3 /* libz.dylib */; };
		52D9F1E01AF91C4500C3DCF3 /* MobileCoreServices.framework in Frameworks */ = {isa = PBXBuildFile; fileRef = 52D9F1D51AF91C4500C3DCF3 /* MobileCoreServices.framework */; };
		52D9F1E11AF91C4500C3DCF3 /* QuartzCore.framework in Frameworks */ = {isa = PBXBuildFile; fileRef = 52D9F1D61AF91C4500C3DCF3 /* QuartzCore.framework */; };
		52D9F1E21AF91C4500C3DCF3 /* Security.framework in Frameworks */ = {isa = PBXBuildFile; fileRef = 52D9F1D71AF91C4500C3DCF3 /* Security.framework */; };
		52D9F1E41AF91C4500C3DCF3 /* SystemConfiguration.framework in Frameworks */ = {isa = PBXBuildFile; fileRef = 52D9F1D91AF91C4500C3DCF3 /* SystemConfiguration.framework */; };
		641469781B43BC7E00F70AB8 /* AcousticModelEnglish.bundle in Resources */ = {isa = PBXBuildFile; fileRef = 641469741B43BC7E00F70AB8 /* AcousticModelEnglish.bundle */; };
		641469791B43BC7E00F70AB8 /* AcousticModelSpanish.bundle in Resources */ = {isa = PBXBuildFile; fileRef = 641469751B43BC7E00F70AB8 /* AcousticModelSpanish.bundle */; };
		6414697A1B43BC7E00F70AB8 /* OpenEars.framework in Frameworks */ = {isa = PBXBuildFile; fileRef = 641469761B43BC7E00F70AB8 /* OpenEars.framework */; };
		6414697B1B43BC7E00F70AB8 /* Slt.framework in Frameworks */ = {isa = PBXBuildFile; fileRef = 641469771B43BC7E00F70AB8 /* Slt.framework */; };
		64CBDBBD1B557A04000354EB /* SignUpInViewController.swift in Sources */ = {isa = PBXBuildFile; fileRef = 64CBDBBC1B557A04000354EB /* SignUpInViewController.swift */; };
		64CBDBC11B559EFD000354EB /* MeditationViewController.swift in Sources */ = {isa = PBXBuildFile; fileRef = 64CBDBBF1B559EFD000354EB /* MeditationViewController.swift */; };
		64CBDBC31B559F33000354EB /* ConditionViewController.swift in Sources */ = {isa = PBXBuildFile; fileRef = 64CBDBC21B559F33000354EB /* ConditionViewController.swift */; };
		64D687571B693F2F00E9CAF5 /* End.mp3 in Resources */ = {isa = PBXBuildFile; fileRef = 64D687481B693F2F00E9CAF5 /* End.mp3 */; };
		64D687581B693F2F00E9CAF5 /* ObserveTrees_4.mp3 in Resources */ = {isa = PBXBuildFile; fileRef = 64D687491B693F2F00E9CAF5 /* ObserveTrees_4.mp3 */; };
		64D687591B693F2F00E9CAF5 /* ObserveTreesShort_4.mp3 in Resources */ = {isa = PBXBuildFile; fileRef = 64D6874A1B693F2F00E9CAF5 /* ObserveTreesShort_4.mp3 */; };
		64D6875B1B693F2F00E9CAF5 /* Standing_1.mp3 in Resources */ = {isa = PBXBuildFile; fileRef = 64D6874C1B693F2F00E9CAF5 /* Standing_1.mp3 */; };
		64D6875C1B693F2F00E9CAF5 /* TreeCircle_5.mp3 in Resources */ = {isa = PBXBuildFile; fileRef = 64D6874D1B693F2F00E9CAF5 /* TreeCircle_5.mp3 */; };
		64D6875D1B693F2F00E9CAF5 /* TreeSpin_5.mp3 in Resources */ = {isa = PBXBuildFile; fileRef = 64D6874E1B693F2F00E9CAF5 /* TreeSpin_5.mp3 */; };
		64D6875E1B693F2F00E9CAF5 /* WalkingAwarenessofSurroundings_3.mp3 in Resources */ = {isa = PBXBuildFile; fileRef = 64D6874F1B693F2F00E9CAF5 /* WalkingAwarenessofSurroundings_3.mp3 */; };
		64D6875F1B693F2F00E9CAF5 /* WalkingBreathingShort_3.mp3 in Resources */ = {isa = PBXBuildFile; fileRef = 64D687501B693F2F00E9CAF5 /* WalkingBreathingShort_3.mp3 */; };
		64D687601B693F2F00E9CAF5 /* WalkingEmotions_3.mp3 in Resources */ = {isa = PBXBuildFile; fileRef = 64D687511B693F2F00E9CAF5 /* WalkingEmotions_3.mp3 */; };
		64D687611B693F2F00E9CAF5 /* WalkingFeelings_3.mp3 in Resources */ = {isa = PBXBuildFile; fileRef = 64D687521B693F2F00E9CAF5 /* WalkingFeelings_3.mp3 */; };
		64D687621B693F2F00E9CAF5 /* WalkingObjofConsciousness_3.mp3 in Resources */ = {isa = PBXBuildFile; fileRef = 64D687531B693F2F00E9CAF5 /* WalkingObjofConsciousness_3.mp3 */; };
		64D687631B693F2F00E9CAF5 /* WalkingPosture1_2.mp3 in Resources */ = {isa = PBXBuildFile; fileRef = 64D687541B693F2F00E9CAF5 /* WalkingPosture1_2.mp3 */; };
		64D687641B693F2F00E9CAF5 /* WalkingPosture2_2.mp3 in Resources */ = {isa = PBXBuildFile; fileRef = 64D687551B693F2F00E9CAF5 /* WalkingPosture2_2.mp3 */; };
		64D687651B693F2F00E9CAF5 /* WalkingPostureShort_2.mp3 in Resources */ = {isa = PBXBuildFile; fileRef = 64D687561B693F2F00E9CAF5 /* WalkingPostureShort_2.mp3 */; };
		64D687671B69629000E9CAF5 /* StandingShort_1.mp3 in Resources */ = {isa = PBXBuildFile; fileRef = 64D687661B69628F00E9CAF5 /* StandingShort_1.mp3 */; };
		64DC05B81B5ECB5E00D4CDF6 /* Login.storyboard in Resources */ = {isa = PBXBuildFile; fileRef = 64DC05B71B5ECB5E00D4CDF6 /* Login.storyboard */; };
		64DC05BA1B5ECBE000D4CDF6 /* HomeViewController.swift in Sources */ = {isa = PBXBuildFile; fileRef = 64DC05B91B5ECBE000D4CDF6 /* HomeViewController.swift */; };
		64DC05BF1B5ECD1900D4CDF6 /* Walk.storyboard in Resources */ = {isa = PBXBuildFile; fileRef = 64DC05BE1B5ECD1900D4CDF6 /* Walk.storyboard */; };
		64DC05C11B5F128A00D4CDF6 /* UserProfileViewController.swift in Sources */ = {isa = PBXBuildFile; fileRef = 64DC05C01B5F128A00D4CDF6 /* UserProfileViewController.swift */; };
		64DC05C31B5F12B600D4CDF6 /* UserInfo.storyboard in Resources */ = {isa = PBXBuildFile; fileRef = 64DC05C21B5F12B600D4CDF6 /* UserInfo.storyboard */; };
		64DC05C51B5F146800D4CDF6 /* Main.storyboard in Resources */ = {isa = PBXBuildFile; fileRef = 64DC05C41B5F146800D4CDF6 /* Main.storyboard */; };
		64E7D4C11B5D744B00FCF61B /* EndViewController.swift in Sources */ = {isa = PBXBuildFile; fileRef = 64E7D4C01B5D744B00FCF61B /* EndViewController.swift */; };
		64F740A91B5CBB370024D45D /* WalksListViewController.swift in Sources */ = {isa = PBXBuildFile; fileRef = 64F740A81B5CBB370024D45D /* WalksListViewController.swift */; };
/* End PBXBuildFile section */

/* Begin PBXContainerItemProxy section */
		52D9F1B31AF9181B00C3DCF3 /* PBXContainerItemProxy */ = {
			isa = PBXContainerItemProxy;
			containerPortal = 52D9F1921AF9181A00C3DCF3 /* Project object */;
			proxyType = 1;
			remoteGlobalIDString = 52D9F1991AF9181A00C3DCF3;
			remoteInfo = ZenWalk;
		};
/* End PBXContainerItemProxy section */

/* Begin PBXFileReference section */
		524C27131AF92CAB0083AB5A /* Social.framework */ = {isa = PBXFileReference; lastKnownFileType = wrapper.framework; name = Social.framework; path = System/Library/Frameworks/Social.framework; sourceTree = SDKROOT; };
		524C27151AF92CB30083AB5A /* Accounts.framework */ = {isa = PBXFileReference; lastKnownFileType = wrapper.framework; name = Accounts.framework; path = System/Library/Frameworks/Accounts.framework; sourceTree = SDKROOT; };
		52D9F19A1AF9181A00C3DCF3 /* ZenWalk.app */ = {isa = PBXFileReference; explicitFileType = wrapper.application; includeInIndex = 0; path = ZenWalk.app; sourceTree = BUILT_PRODUCTS_DIR; };
		52D9F19E1AF9181A00C3DCF3 /* Info.plist */ = {isa = PBXFileReference; lastKnownFileType = text.plist.xml; path = Info.plist; sourceTree = "<group>"; };
		52D9F19F1AF9181A00C3DCF3 /* AppDelegate.swift */ = {isa = PBXFileReference; lastKnownFileType = sourcecode.swift; path = AppDelegate.swift; sourceTree = "<group>"; };
		52D9F1A21AF9181A00C3DCF3 /* ZenWalk.xcdatamodel */ = {isa = PBXFileReference; lastKnownFileType = wrapper.xcdatamodel; path = ZenWalk.xcdatamodel; sourceTree = "<group>"; };
		52D9F1A41AF9181A00C3DCF3 /* ViewController.swift */ = {isa = PBXFileReference; lastKnownFileType = sourcecode.swift; path = ViewController.swift; sourceTree = "<group>"; };
		52D9F1A91AF9181B00C3DCF3 /* Images.xcassets */ = {isa = PBXFileReference; lastKnownFileType = folder.assetcatalog; path = Images.xcassets; sourceTree = "<group>"; };
		52D9F1AC1AF9181B00C3DCF3 /* Base */ = {isa = PBXFileReference; lastKnownFileType = file.xib; name = Base; path = Base.lproj/LaunchScreen.xib; sourceTree = "<group>"; };
		52D9F1B21AF9181B00C3DCF3 /* ZenWalkTests.xctest */ = {isa = PBXFileReference; explicitFileType = wrapper.cfbundle; includeInIndex = 0; path = ZenWalkTests.xctest; sourceTree = BUILT_PRODUCTS_DIR; };
		52D9F1B71AF9181B00C3DCF3 /* Info.plist */ = {isa = PBXFileReference; lastKnownFileType = text.plist.xml; path = Info.plist; sourceTree = "<group>"; };
		52D9F1B81AF9181B00C3DCF3 /* ZenWalkTests.swift */ = {isa = PBXFileReference; lastKnownFileType = sourcecode.swift; path = ZenWalkTests.swift; sourceTree = "<group>"; };
		52D9F1C21AF91B8D00C3DCF3 /* Bolts.framework */ = {isa = PBXFileReference; lastKnownFileType = wrapper.framework; path = Bolts.framework; sourceTree = "<group>"; };
		52D9F1C31AF91B8D00C3DCF3 /* ParseCrashReporting.framework */ = {isa = PBXFileReference; lastKnownFileType = wrapper.framework; path = ParseCrashReporting.framework; sourceTree = "<group>"; };
		52D9F1C41AF91B8D00C3DCF3 /* ParseUI.framework */ = {isa = PBXFileReference; lastKnownFileType = wrapper.framework; path = ParseUI.framework; sourceTree = "<group>"; };
		52D9F1C51AF91B8D00C3DCF3 /* ParseFacebookUtilsV4.framework */ = {isa = PBXFileReference; lastKnownFileType = wrapper.framework; path = ParseFacebookUtilsV4.framework; sourceTree = "<group>"; };
		52D9F1C61AF91B8D00C3DCF3 /* ParseFacebookUtils.framework */ = {isa = PBXFileReference; lastKnownFileType = wrapper.framework; path = ParseFacebookUtils.framework; sourceTree = "<group>"; };
		52D9F1C71AF91B8D00C3DCF3 /* Parse.framework */ = {isa = PBXFileReference; lastKnownFileType = wrapper.framework; path = Parse.framework; sourceTree = "<group>"; };
		52D9F1CF1AF91C4400C3DCF3 /* AudioToolbox.framework */ = {isa = PBXFileReference; lastKnownFileType = wrapper.framework; name = AudioToolbox.framework; path = System/Library/Frameworks/AudioToolbox.framework; sourceTree = SDKROOT; };
		52D9F1D01AF91C4400C3DCF3 /* CFNetwork.framework */ = {isa = PBXFileReference; lastKnownFileType = wrapper.framework; name = CFNetwork.framework; path = System/Library/Frameworks/CFNetwork.framework; sourceTree = SDKROOT; };
		52D9F1D11AF91C4400C3DCF3 /* CoreGraphics.framework */ = {isa = PBXFileReference; lastKnownFileType = wrapper.framework; name = CoreGraphics.framework; path = System/Library/Frameworks/CoreGraphics.framework; sourceTree = SDKROOT; };
		52D9F1D21AF91C4500C3DCF3 /* CoreLocation.framework */ = {isa = PBXFileReference; lastKnownFileType = wrapper.framework; name = CoreLocation.framework; path = System/Library/Frameworks/CoreLocation.framework; sourceTree = SDKROOT; };
		52D9F1D31AF91C4500C3DCF3 /* libsqlite3.dylib */ = {isa = PBXFileReference; lastKnownFileType = "compiled.mach-o.dylib"; name = libsqlite3.dylib; path = usr/lib/libsqlite3.dylib; sourceTree = SDKROOT; };
		52D9F1D41AF91C4500C3DCF3 /* libz.dylib */ = {isa = PBXFileReference; lastKnownFileType = "compiled.mach-o.dylib"; name = libz.dylib; path = usr/lib/libz.dylib; sourceTree = SDKROOT; };
		52D9F1D51AF91C4500C3DCF3 /* MobileCoreServices.framework */ = {isa = PBXFileReference; lastKnownFileType = wrapper.framework; name = MobileCoreServices.framework; path = System/Library/Frameworks/MobileCoreServices.framework; sourceTree = SDKROOT; };
		52D9F1D61AF91C4500C3DCF3 /* QuartzCore.framework */ = {isa = PBXFileReference; lastKnownFileType = wrapper.framework; name = QuartzCore.framework; path = System/Library/Frameworks/QuartzCore.framework; sourceTree = SDKROOT; };
		52D9F1D71AF91C4500C3DCF3 /* Security.framework */ = {isa = PBXFileReference; lastKnownFileType = wrapper.framework; name = Security.framework; path = System/Library/Frameworks/Security.framework; sourceTree = SDKROOT; };
		52D9F1D91AF91C4500C3DCF3 /* SystemConfiguration.framework */ = {isa = PBXFileReference; lastKnownFileType = wrapper.framework; name = SystemConfiguration.framework; path = System/Library/Frameworks/SystemConfiguration.framework; sourceTree = SDKROOT; };
		641469741B43BC7E00F70AB8 /* AcousticModelEnglish.bundle */ = {isa = PBXFileReference; lastKnownFileType = "wrapper.plug-in"; path = AcousticModelEnglish.bundle; sourceTree = "<group>"; };
		641469751B43BC7E00F70AB8 /* AcousticModelSpanish.bundle */ = {isa = PBXFileReference; lastKnownFileType = "wrapper.plug-in"; path = AcousticModelSpanish.bundle; sourceTree = "<group>"; };
		641469761B43BC7E00F70AB8 /* OpenEars.framework */ = {isa = PBXFileReference; lastKnownFileType = wrapper.framework; path = OpenEars.framework; sourceTree = "<group>"; };
		641469771B43BC7E00F70AB8 /* Slt.framework */ = {isa = PBXFileReference; lastKnownFileType = wrapper.framework; path = Slt.framework; sourceTree = "<group>"; };
		6414697C1B43BCEC00F70AB8 /* OEBridging-Header.h */ = {isa = PBXFileReference; lastKnownFileType = sourcecode.c.h; path = "OEBridging-Header.h"; sourceTree = "<group>"; };
		64CBDBBC1B557A04000354EB /* SignUpInViewController.swift */ = {isa = PBXFileReference; fileEncoding = 4; lastKnownFileType = sourcecode.swift; path = SignUpInViewController.swift; sourceTree = "<group>"; };
		64CBDBBF1B559EFD000354EB /* MeditationViewController.swift */ = {isa = PBXFileReference; fileEncoding = 4; lastKnownFileType = sourcecode.swift; path = MeditationViewController.swift; sourceTree = "<group>"; };
		64CBDBC21B559F33000354EB /* ConditionViewController.swift */ = {isa = PBXFileReference; fileEncoding = 4; lastKnownFileType = sourcecode.swift; path = ConditionViewController.swift; sourceTree = "<group>"; };
		64D687481B693F2F00E9CAF5 /* End.mp3 */ = {isa = PBXFileReference; lastKnownFileType = audio.mp3; path = End.mp3; sourceTree = "<group>"; };
		64D687491B693F2F00E9CAF5 /* ObserveTrees_4.mp3 */ = {isa = PBXFileReference; lastKnownFileType = audio.mp3; path = ObserveTrees_4.mp3; sourceTree = "<group>"; };
		64D6874A1B693F2F00E9CAF5 /* ObserveTreesShort_4.mp3 */ = {isa = PBXFileReference; lastKnownFileType = audio.mp3; path = ObserveTreesShort_4.mp3; sourceTree = "<group>"; };
		64D6874C1B693F2F00E9CAF5 /* Standing_1.mp3 */ = {isa = PBXFileReference; lastKnownFileType = audio.mp3; path = Standing_1.mp3; sourceTree = "<group>"; };
		64D6874D1B693F2F00E9CAF5 /* TreeCircle_5.mp3 */ = {isa = PBXFileReference; lastKnownFileType = audio.mp3; path = TreeCircle_5.mp3; sourceTree = "<group>"; };
		64D6874E1B693F2F00E9CAF5 /* TreeSpin_5.mp3 */ = {isa = PBXFileReference; lastKnownFileType = audio.mp3; path = TreeSpin_5.mp3; sourceTree = "<group>"; };
		64D6874F1B693F2F00E9CAF5 /* WalkingAwarenessofSurroundings_3.mp3 */ = {isa = PBXFileReference; lastKnownFileType = audio.mp3; path = WalkingAwarenessofSurroundings_3.mp3; sourceTree = "<group>"; };
		64D687501B693F2F00E9CAF5 /* WalkingBreathingShort_3.mp3 */ = {isa = PBXFileReference; lastKnownFileType = audio.mp3; path = WalkingBreathingShort_3.mp3; sourceTree = "<group>"; };
		64D687511B693F2F00E9CAF5 /* WalkingEmotions_3.mp3 */ = {isa = PBXFileReference; lastKnownFileType = audio.mp3; path = WalkingEmotions_3.mp3; sourceTree = "<group>"; };
		64D687521B693F2F00E9CAF5 /* WalkingFeelings_3.mp3 */ = {isa = PBXFileReference; lastKnownFileType = audio.mp3; path = WalkingFeelings_3.mp3; sourceTree = "<group>"; };
		64D687531B693F2F00E9CAF5 /* WalkingObjofConsciousness_3.mp3 */ = {isa = PBXFileReference; lastKnownFileType = audio.mp3; path = WalkingObjofConsciousness_3.mp3; sourceTree = "<group>"; };
		64D687541B693F2F00E9CAF5 /* WalkingPosture1_2.mp3 */ = {isa = PBXFileReference; lastKnownFileType = audio.mp3; path = WalkingPosture1_2.mp3; sourceTree = "<group>"; };
		64D687551B693F2F00E9CAF5 /* WalkingPosture2_2.mp3 */ = {isa = PBXFileReference; lastKnownFileType = audio.mp3; path = WalkingPosture2_2.mp3; sourceTree = "<group>"; };
		64D687561B693F2F00E9CAF5 /* WalkingPostureShort_2.mp3 */ = {isa = PBXFileReference; lastKnownFileType = audio.mp3; path = WalkingPostureShort_2.mp3; sourceTree = "<group>"; };
		64D687661B69628F00E9CAF5 /* StandingShort_1.mp3 */ = {isa = PBXFileReference; lastKnownFileType = audio.mp3; name = StandingShort_1.mp3; path = ZenWalk/StandingShort_1.mp3; sourceTree = "<group>"; };
		64DC05B71B5ECB5E00D4CDF6 /* Login.storyboard */ = {isa = PBXFileReference; fileEncoding = 4; lastKnownFileType = file.storyboard; name = Login.storyboard; path = ../Login.storyboard; sourceTree = "<group>"; };
		64DC05B91B5ECBE000D4CDF6 /* HomeViewController.swift */ = {isa = PBXFileReference; fileEncoding = 4; lastKnownFileType = sourcecode.swift; path = HomeViewController.swift; sourceTree = "<group>"; };
		64DC05BE1B5ECD1900D4CDF6 /* Walk.storyboard */ = {isa = PBXFileReference; fileEncoding = 4; lastKnownFileType = file.storyboard; path = Walk.storyboard; sourceTree = "<group>"; };
		64DC05C01B5F128A00D4CDF6 /* UserProfileViewController.swift */ = {isa = PBXFileReference; fileEncoding = 4; lastKnownFileType = sourcecode.swift; path = UserProfileViewController.swift; sourceTree = "<group>"; };
		64DC05C21B5F12B600D4CDF6 /* UserInfo.storyboard */ = {isa = PBXFileReference; fileEncoding = 4; lastKnownFileType = file.storyboard; name = UserInfo.storyboard; path = ../UserInfo.storyboard; sourceTree = "<group>"; };
		64DC05C41B5F146800D4CDF6 /* Main.storyboard */ = {isa = PBXFileReference; fileEncoding = 4; lastKnownFileType = file.storyboard; name = Main.storyboard; path = ../Main.storyboard; sourceTree = "<group>"; };
		64E7D4C01B5D744B00FCF61B /* EndViewController.swift */ = {isa = PBXFileReference; fileEncoding = 4; lastKnownFileType = sourcecode.swift; path = EndViewController.swift; sourceTree = "<group>"; };
		64F740A81B5CBB370024D45D /* WalksListViewController.swift */ = {isa = PBXFileReference; fileEncoding = 4; lastKnownFileType = sourcecode.swift; path = WalksListViewController.swift; sourceTree = "<group>"; };
/* End PBXFileReference section */

/* Begin PBXFrameworksBuildPhase section */
		52D9F1971AF9181A00C3DCF3 /* Frameworks */ = {
			isa = PBXFrameworksBuildPhase;
			buildActionMask = 2147483647;
			files = (
				52D9F1E21AF91C4500C3DCF3 /* Security.framework in Frameworks */,
				6414697B1B43BC7E00F70AB8 /* Slt.framework in Frameworks */,
				524C27161AF92CB30083AB5A /* Accounts.framework in Frameworks */,
				524C27141AF92CAB0083AB5A /* Social.framework in Frameworks */,
				52D9F1DA1AF91C4500C3DCF3 /* AudioToolbox.framework in Frameworks */,
				52D9F1DB1AF91C4500C3DCF3 /* CFNetwork.framework in Frameworks */,
				52D9F1DC1AF91C4500C3DCF3 /* CoreGraphics.framework in Frameworks */,
				52D9F1DD1AF91C4500C3DCF3 /* CoreLocation.framework in Frameworks */,
				52D9F1DE1AF91C4500C3DCF3 /* libsqlite3.dylib in Frameworks */,
				52D9F1DF1AF91C4500C3DCF3 /* libz.dylib in Frameworks */,
				52D9F1E01AF91C4500C3DCF3 /* MobileCoreServices.framework in Frameworks */,
				52D9F1E11AF91C4500C3DCF3 /* QuartzCore.framework in Frameworks */,
				52D9F1E41AF91C4500C3DCF3 /* SystemConfiguration.framework in Frameworks */,
				52D9F1CA1AF91B8D00C3DCF3 /* ParseUI.framework in Frameworks */,
				6414697A1B43BC7E00F70AB8 /* OpenEars.framework in Frameworks */,
				52D9F1C81AF91B8D00C3DCF3 /* Bolts.framework in Frameworks */,
				52D9F1CB1AF91B8D00C3DCF3 /* ParseFacebookUtilsV4.framework in Frameworks */,
				52D9F1CC1AF91B8D00C3DCF3 /* ParseFacebookUtils.framework in Frameworks */,
				52D9F1CD1AF91B8D00C3DCF3 /* Parse.framework in Frameworks */,
				52D9F1C91AF91B8D00C3DCF3 /* ParseCrashReporting.framework in Frameworks */,
			);
			runOnlyForDeploymentPostprocessing = 0;
		};
		52D9F1AF1AF9181B00C3DCF3 /* Frameworks */ = {
			isa = PBXFrameworksBuildPhase;
			buildActionMask = 2147483647;
			files = (
			);
			runOnlyForDeploymentPostprocessing = 0;
		};
/* End PBXFrameworksBuildPhase section */

/* Begin PBXGroup section */
		52D9F1911AF9181A00C3DCF3 = {
			isa = PBXGroup;
			children = (
				64D687481B693F2F00E9CAF5 /* End.mp3 */,
				64D687491B693F2F00E9CAF5 /* ObserveTrees_4.mp3 */,
				64D6874A1B693F2F00E9CAF5 /* ObserveTreesShort_4.mp3 */,
				64D687661B69628F00E9CAF5 /* StandingShort_1.mp3 */,
				64D6874C1B693F2F00E9CAF5 /* Standing_1.mp3 */,
				64D6874D1B693F2F00E9CAF5 /* TreeCircle_5.mp3 */,
				64D6874E1B693F2F00E9CAF5 /* TreeSpin_5.mp3 */,
				64D6874F1B693F2F00E9CAF5 /* WalkingAwarenessofSurroundings_3.mp3 */,
				64D687501B693F2F00E9CAF5 /* WalkingBreathingShort_3.mp3 */,
				64D687511B693F2F00E9CAF5 /* WalkingEmotions_3.mp3 */,
				64D687521B693F2F00E9CAF5 /* WalkingFeelings_3.mp3 */,
				64D687531B693F2F00E9CAF5 /* WalkingObjofConsciousness_3.mp3 */,
				64D687541B693F2F00E9CAF5 /* WalkingPosture1_2.mp3 */,
				64D687551B693F2F00E9CAF5 /* WalkingPosture2_2.mp3 */,
				64D687561B693F2F00E9CAF5 /* WalkingPostureShort_2.mp3 */,
				524C27151AF92CB30083AB5A /* Accounts.framework */,
				524C27131AF92CAB0083AB5A /* Social.framework */,
				52D9F19C1AF9181A00C3DCF3 /* ZenWalk */,
				52D9F1B51AF9181B00C3DCF3 /* ZenWalkTests */,
				52D9F19B1AF9181A00C3DCF3 /* Products */,
			);
			sourceTree = "<group>";
		};
		52D9F19B1AF9181A00C3DCF3 /* Products */ = {
			isa = PBXGroup;
			children = (
				52D9F19A1AF9181A00C3DCF3 /* ZenWalk.app */,
				52D9F1B21AF9181B00C3DCF3 /* ZenWalkTests.xctest */,
			);
			name = Products;
			sourceTree = "<group>";
		};
		52D9F19C1AF9181A00C3DCF3 /* ZenWalk */ = {
			isa = PBXGroup;
			children = (
				641469731B43BC7E00F70AB8 /* Framework */,
				52D9F1CE1AF91B9B00C3DCF3 /* Frameworks */,
				64DC05BD1B5ECC9600D4CDF6 /* UserInfo */,
				64DC05BB1B5ECBFC00D4CDF6 /* Login */,
				64DC05BC1B5ECC1500D4CDF6 /* Walk */,
				64DC05C41B5F146800D4CDF6 /* Main.storyboard */,
				64DC05B91B5ECBE000D4CDF6 /* HomeViewController.swift */,
				52D9F1A41AF9181A00C3DCF3 /* ViewController.swift */,
				6414697C1B43BCEC00F70AB8 /* OEBridging-Header.h */,
				52D9F1A91AF9181B00C3DCF3 /* Images.xcassets */,
				52D9F1AB1AF9181B00C3DCF3 /* LaunchScreen.xib */,
				52D9F1A11AF9181A00C3DCF3 /* ZenWalk.xcdatamodeld */,
				52D9F19D1AF9181A00C3DCF3 /* Supporting Files */,
			);
			path = ZenWalk;
			sourceTree = "<group>";
		};
		52D9F19D1AF9181A00C3DCF3 /* Supporting Files */ = {
			isa = PBXGroup;
			children = (
				52D9F19F1AF9181A00C3DCF3 /* AppDelegate.swift */,
				52D9F19E1AF9181A00C3DCF3 /* Info.plist */,
			);
			name = "Supporting Files";
			sourceTree = "<group>";
		};
		52D9F1B51AF9181B00C3DCF3 /* ZenWalkTests */ = {
			isa = PBXGroup;
			children = (
				52D9F1B81AF9181B00C3DCF3 /* ZenWalkTests.swift */,
				52D9F1B61AF9181B00C3DCF3 /* Supporting Files */,
			);
			path = ZenWalkTests;
			sourceTree = "<group>";
		};
		52D9F1B61AF9181B00C3DCF3 /* Supporting Files */ = {
			isa = PBXGroup;
			children = (
				52D9F1B71AF9181B00C3DCF3 /* Info.plist */,
			);
			name = "Supporting Files";
			sourceTree = "<group>";
		};
		52D9F1CE1AF91B9B00C3DCF3 /* Frameworks */ = {
			isa = PBXGroup;
			children = (
				52D9F1CF1AF91C4400C3DCF3 /* AudioToolbox.framework */,
				52D9F1D01AF91C4400C3DCF3 /* CFNetwork.framework */,
				52D9F1D11AF91C4400C3DCF3 /* CoreGraphics.framework */,
				52D9F1D21AF91C4500C3DCF3 /* CoreLocation.framework */,
				52D9F1D31AF91C4500C3DCF3 /* libsqlite3.dylib */,
				52D9F1D41AF91C4500C3DCF3 /* libz.dylib */,
				52D9F1D51AF91C4500C3DCF3 /* MobileCoreServices.framework */,
				52D9F1D61AF91C4500C3DCF3 /* QuartzCore.framework */,
				52D9F1D71AF91C4500C3DCF3 /* Security.framework */,
				52D9F1D91AF91C4500C3DCF3 /* SystemConfiguration.framework */,
				52D9F1C21AF91B8D00C3DCF3 /* Bolts.framework */,
				52D9F1C31AF91B8D00C3DCF3 /* ParseCrashReporting.framework */,
				52D9F1C41AF91B8D00C3DCF3 /* ParseUI.framework */,
				52D9F1C51AF91B8D00C3DCF3 /* ParseFacebookUtilsV4.framework */,
				52D9F1C61AF91B8D00C3DCF3 /* ParseFacebookUtils.framework */,
				52D9F1C71AF91B8D00C3DCF3 /* Parse.framework */,
			);
			name = Frameworks;
			sourceTree = "<group>";
		};
		641469731B43BC7E00F70AB8 /* Framework */ = {
			isa = PBXGroup;
			children = (
				641469741B43BC7E00F70AB8 /* AcousticModelEnglish.bundle */,
				641469751B43BC7E00F70AB8 /* AcousticModelSpanish.bundle */,
				641469761B43BC7E00F70AB8 /* OpenEars.framework */,
				641469771B43BC7E00F70AB8 /* Slt.framework */,
			);
			path = Framework;
			sourceTree = "<group>";
		};
		64DC05BB1B5ECBFC00D4CDF6 /* Login */ = {
			isa = PBXGroup;
			children = (
				64DC05B71B5ECB5E00D4CDF6 /* Login.storyboard */,
				64CBDBBC1B557A04000354EB /* SignUpInViewController.swift */,
			);
			name = Login;
			sourceTree = "<group>";
		};
		64DC05BC1B5ECC1500D4CDF6 /* Walk */ = {
			isa = PBXGroup;
			children = (
				64DC05BE1B5ECD1900D4CDF6 /* Walk.storyboard */,
				64CBDBC21B559F33000354EB /* ConditionViewController.swift */,
				64CBDBBF1B559EFD000354EB /* MeditationViewController.swift */,
				64E7D4C01B5D744B00FCF61B /* EndViewController.swift */,
			);
			name = Walk;
			sourceTree = "<group>";
		};
		64DC05BD1B5ECC9600D4CDF6 /* UserInfo */ = {
			isa = PBXGroup;
			children = (
				64DC05C21B5F12B600D4CDF6 /* UserInfo.storyboard */,
				64DC05C01B5F128A00D4CDF6 /* UserProfileViewController.swift */,
				64F740A81B5CBB370024D45D /* WalksListViewController.swift */,
			);
			name = UserInfo;
			sourceTree = "<group>";
		};
/* End PBXGroup section */

/* Begin PBXNativeTarget section */
		52D9F1991AF9181A00C3DCF3 /* ZenWalk */ = {
			isa = PBXNativeTarget;
			buildConfigurationList = 52D9F1BC1AF9181B00C3DCF3 /* Build configuration list for PBXNativeTarget "ZenWalk" */;
			buildPhases = (
				52D9F1961AF9181A00C3DCF3 /* Sources */,
				52D9F1971AF9181A00C3DCF3 /* Frameworks */,
				52D9F1981AF9181A00C3DCF3 /* Resources */,
			);
			buildRules = (
			);
			dependencies = (
			);
			name = ZenWalk;
			productName = ZenWalk;
			productReference = 52D9F19A1AF9181A00C3DCF3 /* ZenWalk.app */;
			productType = "com.apple.product-type.application";
		};
		52D9F1B11AF9181B00C3DCF3 /* ZenWalkTests */ = {
			isa = PBXNativeTarget;
			buildConfigurationList = 52D9F1BF1AF9181B00C3DCF3 /* Build configuration list for PBXNativeTarget "ZenWalkTests" */;
			buildPhases = (
				52D9F1AE1AF9181B00C3DCF3 /* Sources */,
				52D9F1AF1AF9181B00C3DCF3 /* Frameworks */,
				52D9F1B01AF9181B00C3DCF3 /* Resources */,
			);
			buildRules = (
			);
			dependencies = (
				52D9F1B41AF9181B00C3DCF3 /* PBXTargetDependency */,
			);
			name = ZenWalkTests;
			productName = ZenWalkTests;
			productReference = 52D9F1B21AF9181B00C3DCF3 /* ZenWalkTests.xctest */;
			productType = "com.apple.product-type.bundle.unit-test";
		};
/* End PBXNativeTarget section */

/* Begin PBXProject section */
		52D9F1921AF9181A00C3DCF3 /* Project object */ = {
			isa = PBXProject;
			attributes = {
				LastUpgradeCheck = 0630;
				ORGANIZATIONNAME = "Scott Cambo";
				TargetAttributes = {
					52D9F1991AF9181A00C3DCF3 = {
						CreatedOnToolsVersion = 6.3.1;
						DevelopmentTeam = W4E2C6X642;
						SystemCapabilities = {
							com.apple.BackgroundModes = {
								enabled = 1;
							};
							com.apple.InAppPurchase = {
								enabled = 0;
							};
						};
					};
					52D9F1B11AF9181B00C3DCF3 = {
						CreatedOnToolsVersion = 6.3.1;
						TestTargetID = 52D9F1991AF9181A00C3DCF3;
					};
				};
			};
			buildConfigurationList = 52D9F1951AF9181A00C3DCF3 /* Build configuration list for PBXProject "ZenWalk" */;
			compatibilityVersion = "Xcode 3.2";
			developmentRegion = English;
			hasScannedForEncodings = 0;
			knownRegions = (
				en,
				Base,
			);
			mainGroup = 52D9F1911AF9181A00C3DCF3;
			productRefGroup = 52D9F19B1AF9181A00C3DCF3 /* Products */;
			projectDirPath = "";
			projectRoot = "";
			targets = (
				52D9F1991AF9181A00C3DCF3 /* ZenWalk */,
				52D9F1B11AF9181B00C3DCF3 /* ZenWalkTests */,
			);
		};
/* End PBXProject section */

/* Begin PBXResourcesBuildPhase section */
		52D9F1981AF9181A00C3DCF3 /* Resources */ = {
			isa = PBXResourcesBuildPhase;
			buildActionMask = 2147483647;
			files = (
				64D687571B693F2F00E9CAF5 /* End.mp3 in Resources */,
				64D6875B1B693F2F00E9CAF5 /* Standing_1.mp3 in Resources */,
				64D687611B693F2F00E9CAF5 /* WalkingFeelings_3.mp3 in Resources */,
				64D687591B693F2F00E9CAF5 /* ObserveTreesShort_4.mp3 in Resources */,
				64DC05C51B5F146800D4CDF6 /* Main.storyboard in Resources */,
				64D687631B693F2F00E9CAF5 /* WalkingPosture1_2.mp3 in Resources */,
				641469781B43BC7E00F70AB8 /* AcousticModelEnglish.bundle in Resources */,
				64D6875F1B693F2F00E9CAF5 /* WalkingBreathingShort_3.mp3 in Resources */,
				64D687581B693F2F00E9CAF5 /* ObserveTrees_4.mp3 in Resources */,
				64D687621B693F2F00E9CAF5 /* WalkingObjofConsciousness_3.mp3 in Resources */,
				64DC05B81B5ECB5E00D4CDF6 /* Login.storyboard in Resources */,
				641469791B43BC7E00F70AB8 /* AcousticModelSpanish.bundle in Resources */,
				64DC05BF1B5ECD1900D4CDF6 /* Walk.storyboard in Resources */,
				64D6875D1B693F2F00E9CAF5 /* TreeSpin_5.mp3 in Resources */,
				52D9F1AD1AF9181B00C3DCF3 /* LaunchScreen.xib in Resources */,
				64D687641B693F2F00E9CAF5 /* WalkingPosture2_2.mp3 in Resources */,
				64D687601B693F2F00E9CAF5 /* WalkingEmotions_3.mp3 in Resources */,
				64D6875C1B693F2F00E9CAF5 /* TreeCircle_5.mp3 in Resources */,
				52D9F1AA1AF9181B00C3DCF3 /* Images.xcassets in Resources */,
				64DC05C31B5F12B600D4CDF6 /* UserInfo.storyboard in Resources */,
				64D6875E1B693F2F00E9CAF5 /* WalkingAwarenessofSurroundings_3.mp3 in Resources */,
				64D687671B69629000E9CAF5 /* StandingShort_1.mp3 in Resources */,
				64D687651B693F2F00E9CAF5 /* WalkingPostureShort_2.mp3 in Resources */,
			);
			runOnlyForDeploymentPostprocessing = 0;
		};
		52D9F1B01AF9181B00C3DCF3 /* Resources */ = {
			isa = PBXResourcesBuildPhase;
			buildActionMask = 2147483647;
			files = (
			);
			runOnlyForDeploymentPostprocessing = 0;
		};
/* End PBXResourcesBuildPhase section */

/* Begin PBXSourcesBuildPhase section */
		52D9F1961AF9181A00C3DCF3 /* Sources */ = {
			isa = PBXSourcesBuildPhase;
			buildActionMask = 2147483647;
			files = (
				64E7D4C11B5D744B00FCF61B /* EndViewController.swift in Sources */,
				64DC05C11B5F128A00D4CDF6 /* UserProfileViewController.swift in Sources */,
				52D9F1A51AF9181A00C3DCF3 /* ViewController.swift in Sources */,
				64F740A91B5CBB370024D45D /* WalksListViewController.swift in Sources */,
				64CBDBBD1B557A04000354EB /* SignUpInViewController.swift in Sources */,
				64CBDBC31B559F33000354EB /* ConditionViewController.swift in Sources */,
				64DC05BA1B5ECBE000D4CDF6 /* HomeViewController.swift in Sources */,
				52D9F1A31AF9181A00C3DCF3 /* ZenWalk.xcdatamodeld in Sources */,
				64CBDBC11B559EFD000354EB /* MeditationViewController.swift in Sources */,
				52D9F1A01AF9181A00C3DCF3 /* AppDelegate.swift in Sources */,
			);
			runOnlyForDeploymentPostprocessing = 0;
		};
		52D9F1AE1AF9181B00C3DCF3 /* Sources */ = {
			isa = PBXSourcesBuildPhase;
			buildActionMask = 2147483647;
			files = (
				52D9F1B91AF9181B00C3DCF3 /* ZenWalkTests.swift in Sources */,
			);
			runOnlyForDeploymentPostprocessing = 0;
		};
/* End PBXSourcesBuildPhase section */

/* Begin PBXTargetDependency section */
		52D9F1B41AF9181B00C3DCF3 /* PBXTargetDependency */ = {
			isa = PBXTargetDependency;
			target = 52D9F1991AF9181A00C3DCF3 /* ZenWalk */;
			targetProxy = 52D9F1B31AF9181B00C3DCF3 /* PBXContainerItemProxy */;
		};
/* End PBXTargetDependency section */

/* Begin PBXVariantGroup section */
		52D9F1AB1AF9181B00C3DCF3 /* LaunchScreen.xib */ = {
			isa = PBXVariantGroup;
			children = (
				52D9F1AC1AF9181B00C3DCF3 /* Base */,
			);
			name = LaunchScreen.xib;
			sourceTree = "<group>";
		};
/* End PBXVariantGroup section */

/* Begin XCBuildConfiguration section */
		52D9F1BA1AF9181B00C3DCF3 /* Debug */ = {
			isa = XCBuildConfiguration;
			buildSettings = {
				ALWAYS_SEARCH_USER_PATHS = NO;
				CLANG_CXX_LANGUAGE_STANDARD = "gnu++0x";
				CLANG_CXX_LIBRARY = "libc++";
				CLANG_ENABLE_MODULES = YES;
				CLANG_ENABLE_OBJC_ARC = YES;
				CLANG_WARN_BOOL_CONVERSION = YES;
				CLANG_WARN_CONSTANT_CONVERSION = YES;
				CLANG_WARN_DIRECT_OBJC_ISA_USAGE = YES_ERROR;
				CLANG_WARN_EMPTY_BODY = YES;
				CLANG_WARN_ENUM_CONVERSION = YES;
				CLANG_WARN_INT_CONVERSION = YES;
				CLANG_WARN_OBJC_ROOT_CLASS = YES_ERROR;
				CLANG_WARN_UNREACHABLE_CODE = YES;
				CLANG_WARN__DUPLICATE_METHOD_MATCH = YES;
				"CODE_SIGN_IDENTITY[sdk=iphoneos*]" = "iPhone Developer";
				COPY_PHASE_STRIP = NO;
				DEBUG_INFORMATION_FORMAT = "dwarf-with-dsym";
				ENABLE_STRICT_OBJC_MSGSEND = YES;
				GCC_C_LANGUAGE_STANDARD = gnu99;
				GCC_DYNAMIC_NO_PIC = NO;
				GCC_NO_COMMON_BLOCKS = YES;
				GCC_OPTIMIZATION_LEVEL = 0;
				GCC_PREPROCESSOR_DEFINITIONS = (
					"DEBUG=1",
					"$(inherited)",
				);
				GCC_SYMBOLS_PRIVATE_EXTERN = NO;
				GCC_WARN_64_TO_32_BIT_CONVERSION = YES;
				GCC_WARN_ABOUT_RETURN_TYPE = YES_ERROR;
				GCC_WARN_UNDECLARED_SELECTOR = YES;
				GCC_WARN_UNINITIALIZED_AUTOS = YES_AGGRESSIVE;
				GCC_WARN_UNUSED_FUNCTION = YES;
				GCC_WARN_UNUSED_VARIABLE = YES;
				IPHONEOS_DEPLOYMENT_TARGET = 8.3;
				MTL_ENABLE_DEBUG_INFO = YES;
				ONLY_ACTIVE_ARCH = YES;
				SDKROOT = iphoneos;
				SWIFT_OPTIMIZATION_LEVEL = "-Onone";
			};
			name = Debug;
		};
		52D9F1BB1AF9181B00C3DCF3 /* Release */ = {
			isa = XCBuildConfiguration;
			buildSettings = {
				ALWAYS_SEARCH_USER_PATHS = NO;
				CLANG_CXX_LANGUAGE_STANDARD = "gnu++0x";
				CLANG_CXX_LIBRARY = "libc++";
				CLANG_ENABLE_MODULES = YES;
				CLANG_ENABLE_OBJC_ARC = YES;
				CLANG_WARN_BOOL_CONVERSION = YES;
				CLANG_WARN_CONSTANT_CONVERSION = YES;
				CLANG_WARN_DIRECT_OBJC_ISA_USAGE = YES_ERROR;
				CLANG_WARN_EMPTY_BODY = YES;
				CLANG_WARN_ENUM_CONVERSION = YES;
				CLANG_WARN_INT_CONVERSION = YES;
				CLANG_WARN_OBJC_ROOT_CLASS = YES_ERROR;
				CLANG_WARN_UNREACHABLE_CODE = YES;
				CLANG_WARN__DUPLICATE_METHOD_MATCH = YES;
				"CODE_SIGN_IDENTITY[sdk=iphoneos*]" = "iPhone Developer";
				COPY_PHASE_STRIP = NO;
				DEBUG_INFORMATION_FORMAT = "dwarf-with-dsym";
				ENABLE_NS_ASSERTIONS = NO;
				ENABLE_STRICT_OBJC_MSGSEND = YES;
				GCC_C_LANGUAGE_STANDARD = gnu99;
				GCC_NO_COMMON_BLOCKS = YES;
				GCC_WARN_64_TO_32_BIT_CONVERSION = YES;
				GCC_WARN_ABOUT_RETURN_TYPE = YES_ERROR;
				GCC_WARN_UNDECLARED_SELECTOR = YES;
				GCC_WARN_UNINITIALIZED_AUTOS = YES_AGGRESSIVE;
				GCC_WARN_UNUSED_FUNCTION = YES;
				GCC_WARN_UNUSED_VARIABLE = YES;
				IPHONEOS_DEPLOYMENT_TARGET = 8.3;
				MTL_ENABLE_DEBUG_INFO = NO;
				SDKROOT = iphoneos;
				VALIDATE_PRODUCT = YES;
			};
			name = Release;
		};
		52D9F1BD1AF9181B00C3DCF3 /* Debug */ = {
			isa = XCBuildConfiguration;
			buildSettings = {
				ASSETCATALOG_COMPILER_APPICON_NAME = AppIcon;
				CODE_SIGN_IDENTITY = "iPhone Developer";
				"CODE_SIGN_IDENTITY[sdk=iphoneos*]" = "iPhone Developer";
				FRAMEWORK_SEARCH_PATHS = (
					"$(inherited)",
					"$(PROJECT_DIR)/ZenWalk",
					"$(PROJECT_DIR)/ZenWalk/Framework",
				);
				INFOPLIST_FILE = ZenWalk/Info.plist;
				IPHONEOS_DEPLOYMENT_TARGET = 8.3;
				LD_RUNPATH_SEARCH_PATHS = "$(inherited) @executable_path/Frameworks";
				PRODUCT_NAME = "$(TARGET_NAME)";
				PROVISIONING_PROFILE = "4aadcea9-3094-46a9-8ead-57c6d76cadce";
				SWIFT_OBJC_BRIDGING_HEADER = "$(SRCROOT)/ZenWalk/OEBridging-Header.h";
			};
			name = Debug;
		};
		52D9F1BE1AF9181B00C3DCF3 /* Release */ = {
			isa = XCBuildConfiguration;
			buildSettings = {
				ASSETCATALOG_COMPILER_APPICON_NAME = AppIcon;
				CODE_SIGN_IDENTITY = "iPhone Distribution: Northwestern University";
				"CODE_SIGN_IDENTITY[sdk=iphoneos*]" = "iPhone Developer";
				FRAMEWORK_SEARCH_PATHS = (
					"$(inherited)",
					"$(PROJECT_DIR)/ZenWalk",
					"$(PROJECT_DIR)/ZenWalk/Framework",
				);
				INFOPLIST_FILE = ZenWalk/Info.plist;
				IPHONEOS_DEPLOYMENT_TARGET = 8.3;
				LD_RUNPATH_SEARCH_PATHS = "$(inherited) @executable_path/Frameworks";
				PRODUCT_NAME = "$(TARGET_NAME)";
				PROVISIONING_PROFILE = "4aadcea9-3094-46a9-8ead-57c6d76cadce";
				SWIFT_OBJC_BRIDGING_HEADER = "$(SRCROOT)/ZenWalk/OEBridging-Header.h";
			};
			name = Release;
		};
		52D9F1C01AF9181B00C3DCF3 /* Debug */ = {
			isa = XCBuildConfiguration;
			buildSettings = {
				BUNDLE_LOADER = "$(TEST_HOST)";
				FRAMEWORK_SEARCH_PATHS = (
					"$(SDKROOT)/Developer/Library/Frameworks",
					"$(inherited)",
				);
				GCC_PREPROCESSOR_DEFINITIONS = (
					"DEBUG=1",
					"$(inherited)",
				);
				INFOPLIST_FILE = ZenWalkTests/Info.plist;
				LD_RUNPATH_SEARCH_PATHS = "$(inherited) @executable_path/Frameworks @loader_path/Frameworks";
				PRODUCT_NAME = "$(TARGET_NAME)";
				TEST_HOST = "$(BUILT_PRODUCTS_DIR)/ZenWalk.app/ZenWalk";
			};
			name = Debug;
		};
		52D9F1C11AF9181B00C3DCF3 /* Release */ = {
			isa = XCBuildConfiguration;
			buildSettings = {
				BUNDLE_LOADER = "$(TEST_HOST)";
				FRAMEWORK_SEARCH_PATHS = (
					"$(SDKROOT)/Developer/Library/Frameworks",
					"$(inherited)",
				);
				INFOPLIST_FILE = ZenWalkTests/Info.plist;
				LD_RUNPATH_SEARCH_PATHS = "$(inherited) @executable_path/Frameworks @loader_path/Frameworks";
				PRODUCT_NAME = "$(TARGET_NAME)";
				TEST_HOST = "$(BUILT_PRODUCTS_DIR)/ZenWalk.app/ZenWalk";
			};
			name = Release;
		};
/* End XCBuildConfiguration section */

/* Begin XCConfigurationList section */
		52D9F1951AF9181A00C3DCF3 /* Build configuration list for PBXProject "ZenWalk" */ = {
			isa = XCConfigurationList;
			buildConfigurations = (
				52D9F1BA1AF9181B00C3DCF3 /* Debug */,
				52D9F1BB1AF9181B00C3DCF3 /* Release */,
			);
			defaultConfigurationIsVisible = 0;
			defaultConfigurationName = Release;
		};
		52D9F1BC1AF9181B00C3DCF3 /* Build configuration list for PBXNativeTarget "ZenWalk" */ = {
			isa = XCConfigurationList;
			buildConfigurations = (
				52D9F1BD1AF9181B00C3DCF3 /* Debug */,
				52D9F1BE1AF9181B00C3DCF3 /* Release */,
			);
			defaultConfigurationIsVisible = 0;
			defaultConfigurationName = Release;
		};
		52D9F1BF1AF9181B00C3DCF3 /* Build configuration list for PBXNativeTarget "ZenWalkTests" */ = {
			isa = XCConfigurationList;
			buildConfigurations = (
				52D9F1C01AF9181B00C3DCF3 /* Debug */,
				52D9F1C11AF9181B00C3DCF3 /* Release */,
			);
			defaultConfigurationIsVisible = 0;
			defaultConfigurationName = Release;
		};
/* End XCConfigurationList section */

/* Begin XCVersionGroup section */
		52D9F1A11AF9181A00C3DCF3 /* ZenWalk.xcdatamodeld */ = {
			isa = XCVersionGroup;
			children = (
				52D9F1A21AF9181A00C3DCF3 /* ZenWalk.xcdatamodel */,
			);
			currentVersion = 52D9F1A21AF9181A00C3DCF3 /* ZenWalk.xcdatamodel */;
			path = ZenWalk.xcdatamodeld;
			sourceTree = "<group>";
			versionGroupType = wrapper.xcdatamodel;
		};
/* End XCVersionGroup section */
	};
	rootObject = 52D9F1921AF9181A00C3DCF3 /* Project object */;
}
