// !$*UTF8*$!
{
	archiveVersion = 1;
	classes = {
	};
	objectVersion = 46;
	objects = {

/* Begin PBXBuildFile section */
		524C27141AF92CAB0083AB5A /* Social.framework in Frameworks */ = {isa = PBXBuildFile; fileRef = 524C27131AF92CAB0083AB5A /* Social.framework */; };
		524C27161AF92CB30083AB5A /* Accounts.framework in Frameworks */ = {isa = PBXBuildFile; fileRef = 524C27151AF92CB30083AB5A /* Accounts.framework */; };
		52D9F1A01AF9181A00C3DCF3 /* AppDelegate.swift in Sources */ = {isa = PBXBuildFile; fileRef = 52D9F19F1AF9181A00C3DCF3 /* AppDelegate.swift */; };
		52D9F1A31AF9181A00C3DCF3 /* ZenWalk.xcdatamodeld in Sources */ = {isa = PBXBuildFile; fileRef = 52D9F1A11AF9181A00C3DCF3 /* ZenWalk.xcdatamodeld */; };
		52D9F1A51AF9181A00C3DCF3 /* ViewController.swift in Sources */ = {isa = PBXBuildFile; fileRef = 52D9F1A41AF9181A00C3DCF3 /* ViewController.swift */; };
		52D9F1AA1AF9181B00C3DCF3 /* Images.xcassets in Resources */ = {isa = PBXBuildFile; fileRef = 52D9F1A91AF9181B00C3DCF3 /* Images.xcassets */; };
		52D9F1AD1AF9181B00C3DCF3 /* LaunchScreen.xib in Resources */ = {isa = PBXBuildFile; fileRef = 52D9F1AB1AF9181B00C3DCF3 /* LaunchScreen.xib */; };
		52D9F1B91AF9181B00C3DCF3 /* ZenWalkTests.swift in Sources */ = {isa = PBXBuildFile; fileRef = 52D9F1B81AF9181B00C3DCF3 /* ZenWalkTests.swift */; };
		52D9F1DA1AF91C4500C3DCF3 /* AudioToolbox.framework in Frameworks */ = {isa = PBXBuildFile; fileRef = 52D9F1CF1AF91C4400C3DCF3 /* AudioToolbox.framework */; };
		52D9F1DB1AF91C4500C3DCF3 /* CFNetwork.framework in Frameworks */ = {isa = PBXBuildFile; fileRef = 52D9F1D01AF91C4400C3DCF3 /* CFNetwork.framework */; };
		52D9F1DC1AF91C4500C3DCF3 /* CoreGraphics.framework in Frameworks */ = {isa = PBXBuildFile; fileRef = 52D9F1D11AF91C4400C3DCF3 /* CoreGraphics.framework */; };
		52D9F1DD1AF91C4500C3DCF3 /* CoreLocation.framework in Frameworks */ = {isa = PBXBuildFile; fileRef = 52D9F1D21AF91C4500C3DCF3 /* CoreLocation.framework */; };
		52D9F1DE1AF91C4500C3DCF3 /* libsqlite3.dylib in Frameworks */ = {isa = PBXBuildFile; fileRef = 52D9F1D31AF91C4500C3DCF3 /* libsqlite3.dylib */; };
		52D9F1DF1AF91C4500C3DCF3 /* libz.dylib in Frameworks */ = {isa = PBXBuildFile; fileRef = 52D9F1D41AF91C4500C3DCF3 /* libz.dylib */; };
		52D9F1E01AF91C4500C3DCF3 /* MobileCoreServices.framework in Frameworks */ = {isa = PBXBuildFile; fileRef = 52D9F1D51AF91C4500C3DCF3 /* MobileCoreServices.framework */; };
		52D9F1E11AF91C4500C3DCF3 /* QuartzCore.framework in Frameworks */ = {isa = PBXBuildFile; fileRef = 52D9F1D61AF91C4500C3DCF3 /* QuartzCore.framework */; };
		52D9F1E21AF91C4500C3DCF3 /* Security.framework in Frameworks */ = {isa = PBXBuildFile; fileRef = 52D9F1D71AF91C4500C3DCF3 /* Security.framework */; };
		52D9F1E41AF91C4500C3DCF3 /* SystemConfiguration.framework in Frameworks */ = {isa = PBXBuildFile; fileRef = 52D9F1D91AF91C4500C3DCF3 /* SystemConfiguration.framework */; };
		64050F3D1CE6199A004F6435 /* Context.swift in Sources */ = {isa = PBXBuildFile; fileRef = 64050F071CE6199A004F6435 /* Context.swift */; };
		64050F3E1CE6199A004F6435 /* Interaction.swift in Sources */ = {isa = PBXBuildFile; fileRef = 64050F081CE6199A004F6435 /* Interaction.swift */; };
		64050F3F1CE6199A004F6435 /* DataManager.swift in Sources */ = {isa = PBXBuildFile; fileRef = 64050F0A1CE6199A004F6435 /* DataManager.swift */; };
		64050F401CE6199A004F6435 /* ExperienceManager.swift in Sources */ = {isa = PBXBuildFile; fileRef = 64050F0B1CE6199A004F6435 /* ExperienceManager.swift */; };
		64050F411CE6199A004F6435 /* OpportunityManager.swift in Sources */ = {isa = PBXBuildFile; fileRef = 64050F0C1CE6199A004F6435 /* OpportunityManager.swift */; };
		64050F421CE6199A004F6435 /* ScaffoldingManager.swift in Sources */ = {isa = PBXBuildFile; fileRef = 64050F0D1CE6199A004F6435 /* ScaffoldingManager.swift */; };
		64050F431CE6199A004F6435 /* CollectorWithSound.swift in Sources */ = {isa = PBXBuildFile; fileRef = 64050F0F1CE6199A004F6435 /* CollectorWithSound.swift */; };
		64050F441CE6199A004F6435 /* ConditionalMoment.swift in Sources */ = {isa = PBXBuildFile; fileRef = 64050F101CE6199A004F6435 /* ConditionalMoment.swift */; };
		64050F451CE6199A004F6435 /* ContinuousMoment.swift in Sources */ = {isa = PBXBuildFile; fileRef = 64050F111CE6199A004F6435 /* ContinuousMoment.swift */; };
		64050F461CE6199A004F6435 /* FunctionMoment.swift in Sources */ = {isa = PBXBuildFile; fileRef = 64050F121CE6199A004F6435 /* FunctionMoment.swift */; };
		64050F471CE6199A004F6435 /* Interim.swift in Sources */ = {isa = PBXBuildFile; fileRef = 64050F131CE6199A004F6435 /* Interim.swift */; };
		64050F481CE6199A004F6435 /* KnockListener.swift in Sources */ = {isa = PBXBuildFile; fileRef = 64050F141CE6199A004F6435 /* KnockListener.swift */; };
		64050F491CE6199A004F6435 /* Moment.swift in Sources */ = {isa = PBXBuildFile; fileRef = 64050F151CE6199A004F6435 /* Moment.swift */; };
		64050F4A1CE6199A004F6435 /* OpportunityCheck.swift in Sources */ = {isa = PBXBuildFile; fileRef = 64050F161CE6199A004F6435 /* OpportunityCheck.swift */; };
		64050F4B1CE6199A004F6435 /* OpportunityPollerMoment.swift in Sources */ = {isa = PBXBuildFile; fileRef = 64050F171CE6199A004F6435 /* OpportunityPollerMoment.swift */; };
		64050F4C1CE6199A004F6435 /* SensorCollector.swift in Sources */ = {isa = PBXBuildFile; fileRef = 64050F181CE6199A004F6435 /* SensorCollector.swift */; };
		64050F4D1CE6199A004F6435 /* SilentMoment.swift in Sources */ = {isa = PBXBuildFile; fileRef = 64050F191CE6199A004F6435 /* SilentMoment.swift */; };
		64050F4E1CE6199A004F6435 /* Sound.swift in Sources */ = {isa = PBXBuildFile; fileRef = 64050F1A1CE6199A004F6435 /* Sound.swift */; };
		64050F4F1CE6199A004F6435 /* SpeechListener.swift in Sources */ = {isa = PBXBuildFile; fileRef = 64050F1B1CE6199A004F6435 /* SpeechListener.swift */; };
		64050F501CE6199A004F6435 /* SynthVoiceMoment.swift in Sources */ = {isa = PBXBuildFile; fileRef = 64050F1C1CE6199A004F6435 /* SynthVoiceMoment.swift */; };
		64050F511CE6199A004F6435 /* TriggerListener.swift in Sources */ = {isa = PBXBuildFile; fileRef = 64050F1D1CE6199A004F6435 /* TriggerListener.swift */; };
		64050F521CE6199A004F6435 /* TriggerListenerWithSound.swift in Sources */ = {isa = PBXBuildFile; fileRef = 64050F1E1CE6199A004F6435 /* TriggerListenerWithSound.swift */; };
		64050F531CE6199A004F6435 /* WaitForDoubleKnock.swift in Sources */ = {isa = PBXBuildFile; fileRef = 64050F1F1CE6199A004F6435 /* WaitForDoubleKnock.swift */; };
		64050F541CE6199A004F6435 /* WaitForWord.swift in Sources */ = {isa = PBXBuildFile; fileRef = 64050F201CE6199A004F6435 /* WaitForWord.swift */; };
		64050F551CE6199A004F6435 /* Experience.swift in Sources */ = {isa = PBXBuildFile; fileRef = 64050F221CE6199A004F6435 /* Experience.swift */; };
		64050F561CE6199A004F6435 /* LocationUpdate.swift in Sources */ = {isa = PBXBuildFile; fileRef = 64050F231CE6199A004F6435 /* LocationUpdate.swift */; };
		64050F571CE6199A004F6435 /* MotionActivityUpdate.swift in Sources */ = {isa = PBXBuildFile; fileRef = 64050F241CE6199A004F6435 /* MotionActivityUpdate.swift */; };
		64050F581CE6199A004F6435 /* SensorMoment.swift in Sources */ = {isa = PBXBuildFile; fileRef = 64050F251CE6199A004F6435 /* SensorMoment.swift */; };
		64050F591CE6199A004F6435 /* WorldObject.swift in Sources */ = {isa = PBXBuildFile; fileRef = 64050F261CE6199A004F6435 /* WorldObject.swift */; };
		64050F5A1CE6199A004F6435 /* Requirement.swift in Sources */ = {isa = PBXBuildFile; fileRef = 64050F271CE6199A004F6435 /* Requirement.swift */; };
		64050F5B1CE6199A004F6435 /* Stage.swift in Sources */ = {isa = PBXBuildFile; fileRef = 64050F281CE6199A004F6435 /* Stage.swift */; };
		64050F5C1CE6199A004F6435 /* Extensions.swift in Sources */ = {isa = PBXBuildFile; fileRef = 64050F2A1CE6199A004F6435 /* Extensions.swift */; };
		64050F5D1CE6199A004F6435 /* Events.swift in Sources */ = {isa = PBXBuildFile; fileRef = 64050F2C1CE6199A004F6435 /* Events.swift */; };
		64050F5E1CE6199A004F6435 /* ARAudioRecognizer.m in Sources */ = {isa = PBXBuildFile; fileRef = 64050F301CE6199A004F6435 /* ARAudioRecognizer.m */; };
		64050F5F1CE6199A004F6435 /* TSCoreMotionListener.m in Sources */ = {isa = PBXBuildFile; fileRef = 64050F331CE6199A004F6435 /* TSCoreMotionListener.m */; };
		64050F601CE6199A004F6435 /* TSTapDetector.m in Sources */ = {isa = PBXBuildFile; fileRef = 64050F351CE6199A004F6435 /* TSTapDetector.m */; };
		64050F611CE6199A004F6435 /* body_and_posture_awareness_2-00.mp3 in Resources */ = {isa = PBXBuildFile; fileRef = 64050F361CE6199A004F6435 /* body_and_posture_awareness_2-00.mp3 */; };
		64050F621CE6199A004F6435 /* what_is_mindfulness_1-45.mp3 in Resources */ = {isa = PBXBuildFile; fileRef = 64050F371CE6199A004F6435 /* what_is_mindfulness_1-45.mp3 */; };
		64050F631CE6199A004F6435 /* allow_mind_to_be_free_2-30.mp3 in Resources */ = {isa = PBXBuildFile; fileRef = 64050F381CE6199A004F6435 /* allow_mind_to_be_free_2-30.mp3 */; };
		64050F641CE6199A004F6435 /* focus_on_environment_3-00.mp3 in Resources */ = {isa = PBXBuildFile; fileRef = 64050F391CE6199A004F6435 /* focus_on_environment_3-00.mp3 */; };
		64050F651CE6199A004F6435 /* near_the_tree_2-00.mp3 in Resources */ = {isa = PBXBuildFile; fileRef = 64050F3A1CE6199A004F6435 /* near_the_tree_2-00.mp3 */; };
		64050F661CE6199A004F6435 /* as_before_observe_tree_1-10.mp3 in Resources */ = {isa = PBXBuildFile; fileRef = 64050F3B1CE6199A004F6435 /* as_before_observe_tree_1-10.mp3 */; };
		64050F671CE6199A004F6435 /* reflect_3-20.mp3 in Resources */ = {isa = PBXBuildFile; fileRef = 64050F3C1CE6199A004F6435 /* reflect_3-20.mp3 */; };
		641050A21CCE7813005B7EED /* allow_your_awareness_2-30.mp3 in Resources */ = {isa = PBXBuildFile; fileRef = 6410509A1CCE7813005B7EED /* allow_your_awareness_2-30.mp3 */; };
		641050A31CCE7813005B7EED /* as_you_begin_to_walk_1-05.mp3 in Resources */ = {isa = PBXBuildFile; fileRef = 6410509B1CCE7813005B7EED /* as_you_begin_to_walk_1-05.mp3 */; };
		641050A41CCE7813005B7EED /* as_you_walk_4-00.mp3 in Resources */ = {isa = PBXBuildFile; fileRef = 6410509C1CCE7813005B7EED /* as_you_walk_4-00.mp3 */; };
		641050A51CCE7813005B7EED /* continue_to_walk_3-00.mp3 in Resources */ = {isa = PBXBuildFile; fileRef = 6410509D1CCE7813005B7EED /* continue_to_walk_3-00.mp3 */; };
		641050A61CCE7813005B7EED /* continue_walking_naturally_3-00.mp3 in Resources */ = {isa = PBXBuildFile; fileRef = 6410509E1CCE7813005B7EED /* continue_walking_naturally_3-00.mp3 */; };
		641050A71CCE7813005B7EED /* now_as_we_come_to_the_end_3-00.mp3 in Resources */ = {isa = PBXBuildFile; fileRef = 6410509F1CCE7813005B7EED /* now_as_we_come_to_the_end_3-00.mp3 */; };
		641050A81CCE7813005B7EED /* once_you're_near_the_tree_4-20.mp3 in Resources */ = {isa = PBXBuildFile; fileRef = 641050A01CCE7813005B7EED /* once_you're_near_the_tree_4-20.mp3 */; };
		641050A91CCE7813005B7EED /* once_you're_near_the_tree_just_walk_4-05.mp3 in Resources */ = {isa = PBXBuildFile; fileRef = 641050A11CCE7813005B7EED /* once_you're_near_the_tree_just_walk_4-05.mp3 */; };
		6414697A1B43BC7E00F70AB8 /* OpenEars.framework in Frameworks */ = {isa = PBXBuildFile; fileRef = 641469761B43BC7E00F70AB8 /* OpenEars.framework */; };
		6414697B1B43BC7E00F70AB8 /* Slt.framework in Frameworks */ = {isa = PBXBuildFile; fileRef = 641469771B43BC7E00F70AB8 /* Slt.framework */; };
		6429C25B1C4EA86300E845F9 /* test1.mp3 in Resources */ = {isa = PBXBuildFile; fileRef = 6429C2571C4EA86300E845F9 /* test1.mp3 */; };
		6429C25C1C4EA86300E845F9 /* test2.mp3 in Resources */ = {isa = PBXBuildFile; fileRef = 6429C2581C4EA86300E845F9 /* test2.mp3 */; };
		6429C25D1C4EA86300E845F9 /* test3.mp3 in Resources */ = {isa = PBXBuildFile; fileRef = 6429C2591C4EA86300E845F9 /* test3.mp3 */; };
		6429C25E1C4EA86300E845F9 /* test4.mp3 in Resources */ = {isa = PBXBuildFile; fileRef = 6429C25A1C4EA86300E845F9 /* test4.mp3 */; };
		643706C11C49849E00B3F463 /* ActuationController.swift in Sources */ = {isa = PBXBuildFile; fileRef = 643706C01C49849E00B3F463 /* ActuationController.swift */; };
		645510AF1C4E99FA00BB1C4C /* End.mp3 in Resources */ = {isa = PBXBuildFile; fileRef = 645510A01C4E99FA00BB1C4C /* End.mp3 */; };
		645510B01C4E99FA00BB1C4C /* ObserveTrees_4.mp3 in Resources */ = {isa = PBXBuildFile; fileRef = 645510A11C4E99FA00BB1C4C /* ObserveTrees_4.mp3 */; };
		645510B11C4E99FA00BB1C4C /* ObserveTreesShort_4.mp3 in Resources */ = {isa = PBXBuildFile; fileRef = 645510A21C4E99FA00BB1C4C /* ObserveTreesShort_4.mp3 */; };
		645510B21C4E99FA00BB1C4C /* Standing_1.mp3 in Resources */ = {isa = PBXBuildFile; fileRef = 645510A31C4E99FA00BB1C4C /* Standing_1.mp3 */; };
		645510B31C4E99FA00BB1C4C /* StandingShort_1.mp3 in Resources */ = {isa = PBXBuildFile; fileRef = 645510A41C4E99FA00BB1C4C /* StandingShort_1.mp3 */; };
		645510B41C4E99FA00BB1C4C /* TreeCircle_5.mp3 in Resources */ = {isa = PBXBuildFile; fileRef = 645510A51C4E99FA00BB1C4C /* TreeCircle_5.mp3 */; };
		645510B51C4E99FA00BB1C4C /* TreeSpin_5.mp3 in Resources */ = {isa = PBXBuildFile; fileRef = 645510A61C4E99FA00BB1C4C /* TreeSpin_5.mp3 */; };
		645510B61C4E99FA00BB1C4C /* WalkingAwarenessofSurroundings_3.mp3 in Resources */ = {isa = PBXBuildFile; fileRef = 645510A71C4E99FA00BB1C4C /* WalkingAwarenessofSurroundings_3.mp3 */; };
		645510B71C4E99FA00BB1C4C /* WalkingBreathingShort_3.mp3 in Resources */ = {isa = PBXBuildFile; fileRef = 645510A81C4E99FA00BB1C4C /* WalkingBreathingShort_3.mp3 */; };
		645510B81C4E99FA00BB1C4C /* WalkingEmotions_3.mp3 in Resources */ = {isa = PBXBuildFile; fileRef = 645510A91C4E99FA00BB1C4C /* WalkingEmotions_3.mp3 */; };
		645510B91C4E99FA00BB1C4C /* WalkingFeelings_3.mp3 in Resources */ = {isa = PBXBuildFile; fileRef = 645510AA1C4E99FA00BB1C4C /* WalkingFeelings_3.mp3 */; };
		645510BA1C4E99FA00BB1C4C /* WalkingObjofConsciousness_3.mp3 in Resources */ = {isa = PBXBuildFile; fileRef = 645510AB1C4E99FA00BB1C4C /* WalkingObjofConsciousness_3.mp3 */; };
		645510BB1C4E99FA00BB1C4C /* WalkingPosture1_2.mp3 in Resources */ = {isa = PBXBuildFile; fileRef = 645510AC1C4E99FA00BB1C4C /* WalkingPosture1_2.mp3 */; };
		645510BC1C4E99FA00BB1C4C /* WalkingPosture2_2.mp3 in Resources */ = {isa = PBXBuildFile; fileRef = 645510AD1C4E99FA00BB1C4C /* WalkingPosture2_2.mp3 */; };
		645510BD1C4E99FA00BB1C4C /* WalkingPostureShort_2.mp3 in Resources */ = {isa = PBXBuildFile; fileRef = 645510AE1C4E99FA00BB1C4C /* WalkingPostureShort_2.mp3 */; };
		6458E5B81C5BF1BA00989783 /* Standing_2min.mp3 in Resources */ = {isa = PBXBuildFile; fileRef = 6458E5B71C5BF1BA00989783 /* Standing_2min.mp3 */; };
		6458E5BA1C5BFA0B00989783 /* ObservingTrees_3-20min.mp3 in Resources */ = {isa = PBXBuildFile; fileRef = 6458E5B91C5BFA0B00989783 /* ObservingTrees_3-20min.mp3 */; };
		6458E5BD1C5C481D00989783 /* WalkObservingBody_1-16min.mp3 in Resources */ = {isa = PBXBuildFile; fileRef = 6458E5BB1C5C481D00989783 /* WalkObservingBody_1-16min.mp3 */; };
		6458E5BE1C5C481D00989783 /* Standing_1-16min.mp3 in Resources */ = {isa = PBXBuildFile; fileRef = 6458E5BC1C5C481D00989783 /* Standing_1-16min.mp3 */; };
		6494AB151C4986D600705320 /* ParseFacebookUtils.framework in Frameworks */ = {isa = PBXBuildFile; fileRef = 6494AB0F1C4986D600705320 /* ParseFacebookUtils.framework */; };
		6494AB161C4986D600705320 /* ParseFacebookUtilsV4.framework in Frameworks */ = {isa = PBXBuildFile; fileRef = 6494AB101C4986D600705320 /* ParseFacebookUtilsV4.framework */; };
		6494AB171C4986D600705320 /* ParseTwitterUtils.framework in Frameworks */ = {isa = PBXBuildFile; fileRef = 6494AB111C4986D600705320 /* ParseTwitterUtils.framework */; };
		6494AB181C4986D600705320 /* ParseUI.framework in Frameworks */ = {isa = PBXBuildFile; fileRef = 6494AB121C4986D600705320 /* ParseUI.framework */; };
		6494AB191C4986D600705320 /* Bolts.framework in Frameworks */ = {isa = PBXBuildFile; fileRef = 6494AB131C4986D600705320 /* Bolts.framework */; };
		6494AB1A1C4986D600705320 /* Parse.framework in Frameworks */ = {isa = PBXBuildFile; fileRef = 6494AB141C4986D600705320 /* Parse.framework */; };
		6494AB1C1C498B1800705320 /* WalkViewController.swift in Sources */ = {isa = PBXBuildFile; fileRef = 6494AB1B1C498B1800705320 /* WalkViewController.swift */; };
		6494AB1E1C49A15300705320 /* AudioManager.swift in Sources */ = {isa = PBXBuildFile; fileRef = 6494AB1D1C49A15300705320 /* AudioManager.swift */; };
		64CBDBBD1B557A04000354EB /* SignUpInViewController.swift in Sources */ = {isa = PBXBuildFile; fileRef = 64CBDBBC1B557A04000354EB /* SignUpInViewController.swift */; };
		64CBDBC11B559EFD000354EB /* MeditationViewController.swift in Sources */ = {isa = PBXBuildFile; fileRef = 64CBDBBF1B559EFD000354EB /* MeditationViewController.swift */; };
		64CBDBC31B559F33000354EB /* ConditionViewController.swift in Sources */ = {isa = PBXBuildFile; fileRef = 64CBDBC21B559F33000354EB /* ConditionViewController.swift */; };
		64DC05B81B5ECB5E00D4CDF6 /* Login.storyboard in Resources */ = {isa = PBXBuildFile; fileRef = 64DC05B71B5ECB5E00D4CDF6 /* Login.storyboard */; };
		64DC05BA1B5ECBE000D4CDF6 /* HomeViewController.swift in Sources */ = {isa = PBXBuildFile; fileRef = 64DC05B91B5ECBE000D4CDF6 /* HomeViewController.swift */; };
		64DC05BF1B5ECD1900D4CDF6 /* Walk.storyboard in Resources */ = {isa = PBXBuildFile; fileRef = 64DC05BE1B5ECD1900D4CDF6 /* Walk.storyboard */; };
		64DC05C11B5F128A00D4CDF6 /* UserProfileViewController.swift in Sources */ = {isa = PBXBuildFile; fileRef = 64DC05C01B5F128A00D4CDF6 /* UserProfileViewController.swift */; };
		64DC05C31B5F12B600D4CDF6 /* UserInfo.storyboard in Resources */ = {isa = PBXBuildFile; fileRef = 64DC05C21B5F12B600D4CDF6 /* UserInfo.storyboard */; };
		64DC05C51B5F146800D4CDF6 /* Main.storyboard in Resources */ = {isa = PBXBuildFile; fileRef = 64DC05C41B5F146800D4CDF6 /* Main.storyboard */; };
		64E168DB1C724AC300855524 /* End_3-03.mp3 in Resources */ = {isa = PBXBuildFile; fileRef = 64E168D71C724AC300855524 /* End_3-03.mp3 */; };
		64E168DC1C724AC300855524 /* Standing_3-20.mp3 in Resources */ = {isa = PBXBuildFile; fileRef = 64E168D81C724AC300855524 /* Standing_3-20.mp3 */; };
		64E168DD1C724AC300855524 /* FindAnotherTree_1-05.mp3 in Resources */ = {isa = PBXBuildFile; fileRef = 64E168D91C724AC300855524 /* FindAnotherTree_1-05.mp3 */; };
		64E168DE1C724AC300855524 /* CircleFirstTree_2-48.mp3 in Resources */ = {isa = PBXBuildFile; fileRef = 64E168DA1C724AC300855524 /* CircleFirstTree_2-48.mp3 */; };
		64E168E01C724C0300855524 /* CircleNextTree_2-33.mp3 in Resources */ = {isa = PBXBuildFile; fileRef = 64E168DF1C724C0300855524 /* CircleNextTree_2-33.mp3 */; };
		64E3991C1C839FBA00E99C53 /* WalkingBreathingLong_1-42.mp3 in Resources */ = {isa = PBXBuildFile; fileRef = 64E399191C839FBA00E99C53 /* WalkingBreathingLong_1-42.mp3 */; };
		64E3991D1C839FBA00E99C53 /* WalkingPosture_5-37.mp3 in Resources */ = {isa = PBXBuildFile; fileRef = 64E3991A1C839FBA00E99C53 /* WalkingPosture_5-37.mp3 */; };
		64E3991E1C839FBA00E99C53 /* WalkingObserveSurroundings_4-00.mp3 in Resources */ = {isa = PBXBuildFile; fileRef = 64E3991B1C839FBA00E99C53 /* WalkingObserveSurroundings_4-00.mp3 */; };
		64E7D4C11B5D744B00FCF61B /* EndViewController.swift in Sources */ = {isa = PBXBuildFile; fileRef = 64E7D4C01B5D744B00FCF61B /* EndViewController.swift */; };
		64F740A91B5CBB370024D45D /* WalksListViewController.swift in Sources */ = {isa = PBXBuildFile; fileRef = 64F740A81B5CBB370024D45D /* WalksListViewController.swift */; };
/* End PBXBuildFile section */

/* Begin PBXContainerItemProxy section */
		52D9F1B31AF9181B00C3DCF3 /* PBXContainerItemProxy */ = {
			isa = PBXContainerItemProxy;
			containerPortal = 52D9F1921AF9181A00C3DCF3 /* Project object */;
			proxyType = 1;
			remoteGlobalIDString = 52D9F1991AF9181A00C3DCF3;
			remoteInfo = ZenWalk;
		};
/* End PBXContainerItemProxy section */

/* Begin PBXFileReference section */
		524C27131AF92CAB0083AB5A /* Social.framework */ = {isa = PBXFileReference; lastKnownFileType = wrapper.framework; name = Social.framework; path = System/Library/Frameworks/Social.framework; sourceTree = SDKROOT; };
		524C27151AF92CB30083AB5A /* Accounts.framework */ = {isa = PBXFileReference; lastKnownFileType = wrapper.framework; name = Accounts.framework; path = System/Library/Frameworks/Accounts.framework; sourceTree = SDKROOT; };
		52D9F19A1AF9181A00C3DCF3 /* ZenWalk.app */ = {isa = PBXFileReference; explicitFileType = wrapper.application; includeInIndex = 0; path = ZenWalk.app; sourceTree = BUILT_PRODUCTS_DIR; };
		52D9F19E1AF9181A00C3DCF3 /* Info.plist */ = {isa = PBXFileReference; lastKnownFileType = text.plist.xml; path = Info.plist; sourceTree = "<group>"; };
		52D9F19F1AF9181A00C3DCF3 /* AppDelegate.swift */ = {isa = PBXFileReference; lastKnownFileType = sourcecode.swift; path = AppDelegate.swift; sourceTree = "<group>"; };
		52D9F1A21AF9181A00C3DCF3 /* ZenWalk.xcdatamodel */ = {isa = PBXFileReference; lastKnownFileType = wrapper.xcdatamodel; path = ZenWalk.xcdatamodel; sourceTree = "<group>"; };
		52D9F1A41AF9181A00C3DCF3 /* ViewController.swift */ = {isa = PBXFileReference; lastKnownFileType = sourcecode.swift; path = ViewController.swift; sourceTree = "<group>"; };
		52D9F1A91AF9181B00C3DCF3 /* Images.xcassets */ = {isa = PBXFileReference; lastKnownFileType = folder.assetcatalog; path = Images.xcassets; sourceTree = "<group>"; };
		52D9F1AC1AF9181B00C3DCF3 /* Base */ = {isa = PBXFileReference; lastKnownFileType = file.xib; name = Base; path = Base.lproj/LaunchScreen.xib; sourceTree = "<group>"; };
		52D9F1B21AF9181B00C3DCF3 /* ZenWalkTests.xctest */ = {isa = PBXFileReference; explicitFileType = wrapper.cfbundle; includeInIndex = 0; path = ZenWalkTests.xctest; sourceTree = BUILT_PRODUCTS_DIR; };
		52D9F1B71AF9181B00C3DCF3 /* Info.plist */ = {isa = PBXFileReference; lastKnownFileType = text.plist.xml; path = Info.plist; sourceTree = "<group>"; };
		52D9F1B81AF9181B00C3DCF3 /* ZenWalkTests.swift */ = {isa = PBXFileReference; lastKnownFileType = sourcecode.swift; path = ZenWalkTests.swift; sourceTree = "<group>"; };
		52D9F1CF1AF91C4400C3DCF3 /* AudioToolbox.framework */ = {isa = PBXFileReference; lastKnownFileType = wrapper.framework; name = AudioToolbox.framework; path = System/Library/Frameworks/AudioToolbox.framework; sourceTree = SDKROOT; };
		52D9F1D01AF91C4400C3DCF3 /* CFNetwork.framework */ = {isa = PBXFileReference; lastKnownFileType = wrapper.framework; name = CFNetwork.framework; path = System/Library/Frameworks/CFNetwork.framework; sourceTree = SDKROOT; };
		52D9F1D11AF91C4400C3DCF3 /* CoreGraphics.framework */ = {isa = PBXFileReference; lastKnownFileType = wrapper.framework; name = CoreGraphics.framework; path = System/Library/Frameworks/CoreGraphics.framework; sourceTree = SDKROOT; };
		52D9F1D21AF91C4500C3DCF3 /* CoreLocation.framework */ = {isa = PBXFileReference; lastKnownFileType = wrapper.framework; name = CoreLocation.framework; path = System/Library/Frameworks/CoreLocation.framework; sourceTree = SDKROOT; };
		52D9F1D31AF91C4500C3DCF3 /* libsqlite3.dylib */ = {isa = PBXFileReference; lastKnownFileType = "compiled.mach-o.dylib"; name = libsqlite3.dylib; path = usr/lib/libsqlite3.dylib; sourceTree = SDKROOT; };
		52D9F1D41AF91C4500C3DCF3 /* libz.dylib */ = {isa = PBXFileReference; lastKnownFileType = "compiled.mach-o.dylib"; name = libz.dylib; path = usr/lib/libz.dylib; sourceTree = SDKROOT; };
		52D9F1D51AF91C4500C3DCF3 /* MobileCoreServices.framework */ = {isa = PBXFileReference; lastKnownFileType = wrapper.framework; name = MobileCoreServices.framework; path = System/Library/Frameworks/MobileCoreServices.framework; sourceTree = SDKROOT; };
		52D9F1D61AF91C4500C3DCF3 /* QuartzCore.framework */ = {isa = PBXFileReference; lastKnownFileType = wrapper.framework; name = QuartzCore.framework; path = System/Library/Frameworks/QuartzCore.framework; sourceTree = SDKROOT; };
		52D9F1D71AF91C4500C3DCF3 /* Security.framework */ = {isa = PBXFileReference; lastKnownFileType = wrapper.framework; name = Security.framework; path = System/Library/Frameworks/Security.framework; sourceTree = SDKROOT; };
		52D9F1D91AF91C4500C3DCF3 /* SystemConfiguration.framework */ = {isa = PBXFileReference; lastKnownFileType = wrapper.framework; name = SystemConfiguration.framework; path = System/Library/Frameworks/SystemConfiguration.framework; sourceTree = SDKROOT; };
		64050F071CE6199A004F6435 /* Context.swift */ = {isa = PBXFileReference; fileEncoding = 4; lastKnownFileType = sourcecode.swift; path = Context.swift; sourceTree = "<group>"; };
		64050F081CE6199A004F6435 /* Interaction.swift */ = {isa = PBXFileReference; fileEncoding = 4; lastKnownFileType = sourcecode.swift; path = Interaction.swift; sourceTree = "<group>"; };
		64050F0A1CE6199A004F6435 /* DataManager.swift */ = {isa = PBXFileReference; fileEncoding = 4; lastKnownFileType = sourcecode.swift; path = DataManager.swift; sourceTree = "<group>"; };
		64050F0B1CE6199A004F6435 /* ExperienceManager.swift */ = {isa = PBXFileReference; fileEncoding = 4; lastKnownFileType = sourcecode.swift; path = ExperienceManager.swift; sourceTree = "<group>"; };
		64050F0C1CE6199A004F6435 /* OpportunityManager.swift */ = {isa = PBXFileReference; fileEncoding = 4; lastKnownFileType = sourcecode.swift; path = OpportunityManager.swift; sourceTree = "<group>"; };
		64050F0D1CE6199A004F6435 /* ScaffoldingManager.swift */ = {isa = PBXFileReference; fileEncoding = 4; lastKnownFileType = sourcecode.swift; path = ScaffoldingManager.swift; sourceTree = "<group>"; };
		64050F0F1CE6199A004F6435 /* CollectorWithSound.swift */ = {isa = PBXFileReference; fileEncoding = 4; lastKnownFileType = sourcecode.swift; path = CollectorWithSound.swift; sourceTree = "<group>"; };
		64050F101CE6199A004F6435 /* ConditionalMoment.swift */ = {isa = PBXFileReference; fileEncoding = 4; lastKnownFileType = sourcecode.swift; path = ConditionalMoment.swift; sourceTree = "<group>"; };
		64050F111CE6199A004F6435 /* ContinuousMoment.swift */ = {isa = PBXFileReference; fileEncoding = 4; lastKnownFileType = sourcecode.swift; path = ContinuousMoment.swift; sourceTree = "<group>"; };
		64050F121CE6199A004F6435 /* FunctionMoment.swift */ = {isa = PBXFileReference; fileEncoding = 4; lastKnownFileType = sourcecode.swift; path = FunctionMoment.swift; sourceTree = "<group>"; };
		64050F131CE6199A004F6435 /* Interim.swift */ = {isa = PBXFileReference; fileEncoding = 4; lastKnownFileType = sourcecode.swift; path = Interim.swift; sourceTree = "<group>"; };
		64050F141CE6199A004F6435 /* KnockListener.swift */ = {isa = PBXFileReference; fileEncoding = 4; lastKnownFileType = sourcecode.swift; path = KnockListener.swift; sourceTree = "<group>"; };
		64050F151CE6199A004F6435 /* Moment.swift */ = {isa = PBXFileReference; fileEncoding = 4; lastKnownFileType = sourcecode.swift; path = Moment.swift; sourceTree = "<group>"; };
		64050F161CE6199A004F6435 /* OpportunityCheck.swift */ = {isa = PBXFileReference; fileEncoding = 4; lastKnownFileType = sourcecode.swift; path = OpportunityCheck.swift; sourceTree = "<group>"; };
		64050F171CE6199A004F6435 /* OpportunityPollerMoment.swift */ = {isa = PBXFileReference; fileEncoding = 4; lastKnownFileType = sourcecode.swift; path = OpportunityPollerMoment.swift; sourceTree = "<group>"; };
		64050F181CE6199A004F6435 /* SensorCollector.swift */ = {isa = PBXFileReference; fileEncoding = 4; lastKnownFileType = sourcecode.swift; path = SensorCollector.swift; sourceTree = "<group>"; };
		64050F191CE6199A004F6435 /* SilentMoment.swift */ = {isa = PBXFileReference; fileEncoding = 4; lastKnownFileType = sourcecode.swift; path = SilentMoment.swift; sourceTree = "<group>"; };
		64050F1A1CE6199A004F6435 /* Sound.swift */ = {isa = PBXFileReference; fileEncoding = 4; lastKnownFileType = sourcecode.swift; path = Sound.swift; sourceTree = "<group>"; };
		64050F1B1CE6199A004F6435 /* SpeechListener.swift */ = {isa = PBXFileReference; fileEncoding = 4; lastKnownFileType = sourcecode.swift; path = SpeechListener.swift; sourceTree = "<group>"; };
		64050F1C1CE6199A004F6435 /* SynthVoiceMoment.swift */ = {isa = PBXFileReference; fileEncoding = 4; lastKnownFileType = sourcecode.swift; path = SynthVoiceMoment.swift; sourceTree = "<group>"; };
		64050F1D1CE6199A004F6435 /* TriggerListener.swift */ = {isa = PBXFileReference; fileEncoding = 4; lastKnownFileType = sourcecode.swift; path = TriggerListener.swift; sourceTree = "<group>"; };
		64050F1E1CE6199A004F6435 /* TriggerListenerWithSound.swift */ = {isa = PBXFileReference; fileEncoding = 4; lastKnownFileType = sourcecode.swift; path = TriggerListenerWithSound.swift; sourceTree = "<group>"; };
		64050F1F1CE6199A004F6435 /* WaitForDoubleKnock.swift */ = {isa = PBXFileReference; fileEncoding = 4; lastKnownFileType = sourcecode.swift; path = WaitForDoubleKnock.swift; sourceTree = "<group>"; };
		64050F201CE6199A004F6435 /* WaitForWord.swift */ = {isa = PBXFileReference; fileEncoding = 4; lastKnownFileType = sourcecode.swift; path = WaitForWord.swift; sourceTree = "<group>"; };
		64050F221CE6199A004F6435 /* Experience.swift */ = {isa = PBXFileReference; fileEncoding = 4; lastKnownFileType = sourcecode.swift; path = Experience.swift; sourceTree = "<group>"; };
		64050F231CE6199A004F6435 /* LocationUpdate.swift */ = {isa = PBXFileReference; fileEncoding = 4; lastKnownFileType = sourcecode.swift; path = LocationUpdate.swift; sourceTree = "<group>"; };
		64050F241CE6199A004F6435 /* MotionActivityUpdate.swift */ = {isa = PBXFileReference; fileEncoding = 4; lastKnownFileType = sourcecode.swift; path = MotionActivityUpdate.swift; sourceTree = "<group>"; };
		64050F251CE6199A004F6435 /* SensorMoment.swift */ = {isa = PBXFileReference; fileEncoding = 4; lastKnownFileType = sourcecode.swift; path = SensorMoment.swift; sourceTree = "<group>"; };
		64050F261CE6199A004F6435 /* WorldObject.swift */ = {isa = PBXFileReference; fileEncoding = 4; lastKnownFileType = sourcecode.swift; path = WorldObject.swift; sourceTree = "<group>"; };
		64050F271CE6199A004F6435 /* Requirement.swift */ = {isa = PBXFileReference; fileEncoding = 4; lastKnownFileType = sourcecode.swift; path = Requirement.swift; sourceTree = "<group>"; };
		64050F281CE6199A004F6435 /* Stage.swift */ = {isa = PBXFileReference; fileEncoding = 4; lastKnownFileType = sourcecode.swift; path = Stage.swift; sourceTree = "<group>"; };
		64050F2A1CE6199A004F6435 /* Extensions.swift */ = {isa = PBXFileReference; fileEncoding = 4; lastKnownFileType = sourcecode.swift; path = Extensions.swift; sourceTree = "<group>"; };
		64050F2C1CE6199A004F6435 /* Events.swift */ = {isa = PBXFileReference; fileEncoding = 4; lastKnownFileType = sourcecode.swift; path = Events.swift; sourceTree = "<group>"; };
		64050F2F1CE6199A004F6435 /* ARAudioRecognizer.h */ = {isa = PBXFileReference; fileEncoding = 4; lastKnownFileType = sourcecode.c.h; path = ARAudioRecognizer.h; sourceTree = "<group>"; };
		64050F301CE6199A004F6435 /* ARAudioRecognizer.m */ = {isa = PBXFileReference; fileEncoding = 4; lastKnownFileType = sourcecode.c.objc; path = ARAudioRecognizer.m; sourceTree = "<group>"; };
		64050F311CE6199A004F6435 /* ARAudioRecognizerDelegate.h */ = {isa = PBXFileReference; fileEncoding = 4; lastKnownFileType = sourcecode.c.h; path = ARAudioRecognizerDelegate.h; sourceTree = "<group>"; };
		64050F321CE6199A004F6435 /* TSCoreMotionListener.h */ = {isa = PBXFileReference; fileEncoding = 4; lastKnownFileType = sourcecode.c.h; path = TSCoreMotionListener.h; sourceTree = "<group>"; };
		64050F331CE6199A004F6435 /* TSCoreMotionListener.m */ = {isa = PBXFileReference; fileEncoding = 4; lastKnownFileType = sourcecode.c.objc; path = TSCoreMotionListener.m; sourceTree = "<group>"; };
		64050F341CE6199A004F6435 /* TSTapDetector.h */ = {isa = PBXFileReference; fileEncoding = 4; lastKnownFileType = sourcecode.c.h; path = TSTapDetector.h; sourceTree = "<group>"; };
		64050F351CE6199A004F6435 /* TSTapDetector.m */ = {isa = PBXFileReference; fileEncoding = 4; lastKnownFileType = sourcecode.c.objc; path = TSTapDetector.m; sourceTree = "<group>"; };
		64050F361CE6199A004F6435 /* body_and_posture_awareness_2-00.mp3 */ = {isa = PBXFileReference; lastKnownFileType = audio.mp3; path = "body_and_posture_awareness_2-00.mp3"; sourceTree = "<group>"; };
		64050F371CE6199A004F6435 /* what_is_mindfulness_1-45.mp3 */ = {isa = PBXFileReference; lastKnownFileType = audio.mp3; path = "what_is_mindfulness_1-45.mp3"; sourceTree = "<group>"; };
		64050F381CE6199A004F6435 /* allow_mind_to_be_free_2-30.mp3 */ = {isa = PBXFileReference; lastKnownFileType = audio.mp3; path = "allow_mind_to_be_free_2-30.mp3"; sourceTree = "<group>"; };
		64050F391CE6199A004F6435 /* focus_on_environment_3-00.mp3 */ = {isa = PBXFileReference; lastKnownFileType = audio.mp3; path = "focus_on_environment_3-00.mp3"; sourceTree = "<group>"; };
		64050F3A1CE6199A004F6435 /* near_the_tree_2-00.mp3 */ = {isa = PBXFileReference; lastKnownFileType = audio.mp3; path = "near_the_tree_2-00.mp3"; sourceTree = "<group>"; };
		64050F3B1CE6199A004F6435 /* as_before_observe_tree_1-10.mp3 */ = {isa = PBXFileReference; lastKnownFileType = audio.mp3; path = "as_before_observe_tree_1-10.mp3"; sourceTree = "<group>"; };
		64050F3C1CE6199A004F6435 /* reflect_3-20.mp3 */ = {isa = PBXFileReference; lastKnownFileType = audio.mp3; path = "reflect_3-20.mp3"; sourceTree = "<group>"; };
		6410509A1CCE7813005B7EED /* allow_your_awareness_2-30.mp3 */ = {isa = PBXFileReference; lastKnownFileType = audio.mp3; path = "allow_your_awareness_2-30.mp3"; sourceTree = "<group>"; };
		6410509B1CCE7813005B7EED /* as_you_begin_to_walk_1-05.mp3 */ = {isa = PBXFileReference; lastKnownFileType = audio.mp3; path = "as_you_begin_to_walk_1-05.mp3"; sourceTree = "<group>"; };
		6410509C1CCE7813005B7EED /* as_you_walk_4-00.mp3 */ = {isa = PBXFileReference; lastKnownFileType = audio.mp3; path = "as_you_walk_4-00.mp3"; sourceTree = "<group>"; };
		6410509D1CCE7813005B7EED /* continue_to_walk_3-00.mp3 */ = {isa = PBXFileReference; lastKnownFileType = audio.mp3; path = "continue_to_walk_3-00.mp3"; sourceTree = "<group>"; };
		6410509E1CCE7813005B7EED /* continue_walking_naturally_3-00.mp3 */ = {isa = PBXFileReference; lastKnownFileType = audio.mp3; path = "continue_walking_naturally_3-00.mp3"; sourceTree = "<group>"; };
		6410509F1CCE7813005B7EED /* now_as_we_come_to_the_end_3-00.mp3 */ = {isa = PBXFileReference; lastKnownFileType = audio.mp3; path = "now_as_we_come_to_the_end_3-00.mp3"; sourceTree = "<group>"; };
		641050A01CCE7813005B7EED /* once_you're_near_the_tree_4-20.mp3 */ = {isa = PBXFileReference; lastKnownFileType = audio.mp3; path = "once_you're_near_the_tree_4-20.mp3"; sourceTree = "<group>"; };
		641050A11CCE7813005B7EED /* once_you're_near_the_tree_just_walk_4-05.mp3 */ = {isa = PBXFileReference; lastKnownFileType = audio.mp3; path = "once_you're_near_the_tree_just_walk_4-05.mp3"; sourceTree = "<group>"; };
		641469761B43BC7E00F70AB8 /* OpenEars.framework */ = {isa = PBXFileReference; lastKnownFileType = wrapper.framework; name = OpenEars.framework; path = Framework/OpenEars.framework; sourceTree = "<group>"; };
		641469771B43BC7E00F70AB8 /* Slt.framework */ = {isa = PBXFileReference; lastKnownFileType = wrapper.framework; name = Slt.framework; path = Framework/Slt.framework; sourceTree = "<group>"; };
		6414697C1B43BCEC00F70AB8 /* OEBridging-Header.h */ = {isa = PBXFileReference; lastKnownFileType = sourcecode.c.h; path = "OEBridging-Header.h"; sourceTree = "<group>"; };
		6429C2571C4EA86300E845F9 /* test1.mp3 */ = {isa = PBXFileReference; lastKnownFileType = audio.mp3; path = test1.mp3; sourceTree = "<group>"; };
		6429C2581C4EA86300E845F9 /* test2.mp3 */ = {isa = PBXFileReference; lastKnownFileType = audio.mp3; path = test2.mp3; sourceTree = "<group>"; };
		6429C2591C4EA86300E845F9 /* test3.mp3 */ = {isa = PBXFileReference; lastKnownFileType = audio.mp3; path = test3.mp3; sourceTree = "<group>"; };
		6429C25A1C4EA86300E845F9 /* test4.mp3 */ = {isa = PBXFileReference; lastKnownFileType = audio.mp3; path = test4.mp3; sourceTree = "<group>"; };
		643706C01C49849E00B3F463 /* ActuationController.swift */ = {isa = PBXFileReference; fileEncoding = 4; lastKnownFileType = sourcecode.swift; path = ActuationController.swift; sourceTree = "<group>"; };
		645510A01C4E99FA00BB1C4C /* End.mp3 */ = {isa = PBXFileReference; lastKnownFileType = audio.mp3; path = End.mp3; sourceTree = "<group>"; };
		645510A11C4E99FA00BB1C4C /* ObserveTrees_4.mp3 */ = {isa = PBXFileReference; lastKnownFileType = audio.mp3; path = ObserveTrees_4.mp3; sourceTree = "<group>"; };
		645510A21C4E99FA00BB1C4C /* ObserveTreesShort_4.mp3 */ = {isa = PBXFileReference; lastKnownFileType = audio.mp3; path = ObserveTreesShort_4.mp3; sourceTree = "<group>"; };
		645510A31C4E99FA00BB1C4C /* Standing_1.mp3 */ = {isa = PBXFileReference; lastKnownFileType = audio.mp3; path = Standing_1.mp3; sourceTree = "<group>"; };
		645510A41C4E99FA00BB1C4C /* StandingShort_1.mp3 */ = {isa = PBXFileReference; lastKnownFileType = audio.mp3; path = StandingShort_1.mp3; sourceTree = "<group>"; };
		645510A51C4E99FA00BB1C4C /* TreeCircle_5.mp3 */ = {isa = PBXFileReference; lastKnownFileType = audio.mp3; path = TreeCircle_5.mp3; sourceTree = "<group>"; };
		645510A61C4E99FA00BB1C4C /* TreeSpin_5.mp3 */ = {isa = PBXFileReference; lastKnownFileType = audio.mp3; path = TreeSpin_5.mp3; sourceTree = "<group>"; };
		645510A71C4E99FA00BB1C4C /* WalkingAwarenessofSurroundings_3.mp3 */ = {isa = PBXFileReference; lastKnownFileType = audio.mp3; path = WalkingAwarenessofSurroundings_3.mp3; sourceTree = "<group>"; };
		645510A81C4E99FA00BB1C4C /* WalkingBreathingShort_3.mp3 */ = {isa = PBXFileReference; lastKnownFileType = audio.mp3; path = WalkingBreathingShort_3.mp3; sourceTree = "<group>"; };
		645510A91C4E99FA00BB1C4C /* WalkingEmotions_3.mp3 */ = {isa = PBXFileReference; lastKnownFileType = audio.mp3; path = WalkingEmotions_3.mp3; sourceTree = "<group>"; };
		645510AA1C4E99FA00BB1C4C /* WalkingFeelings_3.mp3 */ = {isa = PBXFileReference; lastKnownFileType = audio.mp3; path = WalkingFeelings_3.mp3; sourceTree = "<group>"; };
		645510AB1C4E99FA00BB1C4C /* WalkingObjofConsciousness_3.mp3 */ = {isa = PBXFileReference; lastKnownFileType = audio.mp3; path = WalkingObjofConsciousness_3.mp3; sourceTree = "<group>"; };
		645510AC1C4E99FA00BB1C4C /* WalkingPosture1_2.mp3 */ = {isa = PBXFileReference; lastKnownFileType = audio.mp3; path = WalkingPosture1_2.mp3; sourceTree = "<group>"; };
		645510AD1C4E99FA00BB1C4C /* WalkingPosture2_2.mp3 */ = {isa = PBXFileReference; lastKnownFileType = audio.mp3; path = WalkingPosture2_2.mp3; sourceTree = "<group>"; };
		645510AE1C4E99FA00BB1C4C /* WalkingPostureShort_2.mp3 */ = {isa = PBXFileReference; lastKnownFileType = audio.mp3; path = WalkingPostureShort_2.mp3; sourceTree = "<group>"; };
		6458E5B71C5BF1BA00989783 /* Standing_2min.mp3 */ = {isa = PBXFileReference; lastKnownFileType = audio.mp3; path = Standing_2min.mp3; sourceTree = "<group>"; };
		6458E5B91C5BFA0B00989783 /* ObservingTrees_3-20min.mp3 */ = {isa = PBXFileReference; lastKnownFileType = audio.mp3; path = "ObservingTrees_3-20min.mp3"; sourceTree = "<group>"; };
		6458E5BB1C5C481D00989783 /* WalkObservingBody_1-16min.mp3 */ = {isa = PBXFileReference; lastKnownFileType = audio.mp3; path = "WalkObservingBody_1-16min.mp3"; sourceTree = "<group>"; };
		6458E5BC1C5C481D00989783 /* Standing_1-16min.mp3 */ = {isa = PBXFileReference; lastKnownFileType = audio.mp3; path = "Standing_1-16min.mp3"; sourceTree = "<group>"; };
		6494AB0F1C4986D600705320 /* ParseFacebookUtils.framework */ = {isa = PBXFileReference; lastKnownFileType = wrapper.framework; name = ParseFacebookUtils.framework; path = ../ParseFacebookUtils.framework; sourceTree = "<group>"; };
		6494AB101C4986D600705320 /* ParseFacebookUtilsV4.framework */ = {isa = PBXFileReference; lastKnownFileType = wrapper.framework; name = ParseFacebookUtilsV4.framework; path = ../ParseFacebookUtilsV4.framework; sourceTree = "<group>"; };
		6494AB111C4986D600705320 /* ParseTwitterUtils.framework */ = {isa = PBXFileReference; lastKnownFileType = wrapper.framework; name = ParseTwitterUtils.framework; path = ../ParseTwitterUtils.framework; sourceTree = "<group>"; };
		6494AB121C4986D600705320 /* ParseUI.framework */ = {isa = PBXFileReference; lastKnownFileType = wrapper.framework; name = ParseUI.framework; path = ../ParseUI.framework; sourceTree = "<group>"; };
		6494AB131C4986D600705320 /* Bolts.framework */ = {isa = PBXFileReference; lastKnownFileType = wrapper.framework; name = Bolts.framework; path = ../Bolts.framework; sourceTree = "<group>"; };
		6494AB141C4986D600705320 /* Parse.framework */ = {isa = PBXFileReference; lastKnownFileType = wrapper.framework; name = Parse.framework; path = ../Parse.framework; sourceTree = "<group>"; };
		6494AB1B1C498B1800705320 /* WalkViewController.swift */ = {isa = PBXFileReference; fileEncoding = 4; lastKnownFileType = sourcecode.swift; path = WalkViewController.swift; sourceTree = "<group>"; };
		6494AB1D1C49A15300705320 /* AudioManager.swift */ = {isa = PBXFileReference; fileEncoding = 4; lastKnownFileType = sourcecode.swift; path = AudioManager.swift; sourceTree = "<group>"; };
		64CBDBBC1B557A04000354EB /* SignUpInViewController.swift */ = {isa = PBXFileReference; fileEncoding = 4; lastKnownFileType = sourcecode.swift; path = SignUpInViewController.swift; sourceTree = "<group>"; };
		64CBDBBF1B559EFD000354EB /* MeditationViewController.swift */ = {isa = PBXFileReference; fileEncoding = 4; lastKnownFileType = sourcecode.swift; path = MeditationViewController.swift; sourceTree = "<group>"; };
		64CBDBC21B559F33000354EB /* ConditionViewController.swift */ = {isa = PBXFileReference; fileEncoding = 4; lastKnownFileType = sourcecode.swift; path = ConditionViewController.swift; sourceTree = "<group>"; };
		64DC05B71B5ECB5E00D4CDF6 /* Login.storyboard */ = {isa = PBXFileReference; fileEncoding = 4; lastKnownFileType = file.storyboard; name = Login.storyboard; path = ../Login.storyboard; sourceTree = "<group>"; };
		64DC05B91B5ECBE000D4CDF6 /* HomeViewController.swift */ = {isa = PBXFileReference; fileEncoding = 4; lastKnownFileType = sourcecode.swift; path = HomeViewController.swift; sourceTree = "<group>"; };
		64DC05BE1B5ECD1900D4CDF6 /* Walk.storyboard */ = {isa = PBXFileReference; fileEncoding = 4; lastKnownFileType = file.storyboard; path = Walk.storyboard; sourceTree = "<group>"; };
		64DC05C01B5F128A00D4CDF6 /* UserProfileViewController.swift */ = {isa = PBXFileReference; fileEncoding = 4; lastKnownFileType = sourcecode.swift; path = UserProfileViewController.swift; sourceTree = "<group>"; };
		64DC05C21B5F12B600D4CDF6 /* UserInfo.storyboard */ = {isa = PBXFileReference; fileEncoding = 4; lastKnownFileType = file.storyboard; name = UserInfo.storyboard; path = ../UserInfo.storyboard; sourceTree = "<group>"; };
		64DC05C41B5F146800D4CDF6 /* Main.storyboard */ = {isa = PBXFileReference; fileEncoding = 4; lastKnownFileType = file.storyboard; name = Main.storyboard; path = ../Main.storyboard; sourceTree = "<group>"; };
		64E168D71C724AC300855524 /* End_3-03.mp3 */ = {isa = PBXFileReference; lastKnownFileType = audio.mp3; path = "End_3-03.mp3"; sourceTree = "<group>"; };
		64E168D81C724AC300855524 /* Standing_3-20.mp3 */ = {isa = PBXFileReference; lastKnownFileType = audio.mp3; path = "Standing_3-20.mp3"; sourceTree = "<group>"; };
		64E168D91C724AC300855524 /* FindAnotherTree_1-05.mp3 */ = {isa = PBXFileReference; lastKnownFileType = audio.mp3; path = "FindAnotherTree_1-05.mp3"; sourceTree = "<group>"; };
		64E168DA1C724AC300855524 /* CircleFirstTree_2-48.mp3 */ = {isa = PBXFileReference; lastKnownFileType = audio.mp3; path = "CircleFirstTree_2-48.mp3"; sourceTree = "<group>"; };
		64E168DF1C724C0300855524 /* CircleNextTree_2-33.mp3 */ = {isa = PBXFileReference; lastKnownFileType = audio.mp3; path = "CircleNextTree_2-33.mp3"; sourceTree = "<group>"; };
		64E399191C839FBA00E99C53 /* WalkingBreathingLong_1-42.mp3 */ = {isa = PBXFileReference; lastKnownFileType = audio.mp3; path = "WalkingBreathingLong_1-42.mp3"; sourceTree = "<group>"; };
		64E3991A1C839FBA00E99C53 /* WalkingPosture_5-37.mp3 */ = {isa = PBXFileReference; lastKnownFileType = audio.mp3; path = "WalkingPosture_5-37.mp3"; sourceTree = "<group>"; };
		64E3991B1C839FBA00E99C53 /* WalkingObserveSurroundings_4-00.mp3 */ = {isa = PBXFileReference; lastKnownFileType = audio.mp3; path = "WalkingObserveSurroundings_4-00.mp3"; sourceTree = "<group>"; };
		64E7D4C01B5D744B00FCF61B /* EndViewController.swift */ = {isa = PBXFileReference; fileEncoding = 4; lastKnownFileType = sourcecode.swift; path = EndViewController.swift; sourceTree = "<group>"; };
		64F740A81B5CBB370024D45D /* WalksListViewController.swift */ = {isa = PBXFileReference; fileEncoding = 4; lastKnownFileType = sourcecode.swift; path = WalksListViewController.swift; sourceTree = "<group>"; };
/* End PBXFileReference section */

/* Begin PBXFrameworksBuildPhase section */
		52D9F1971AF9181A00C3DCF3 /* Frameworks */ = {
			isa = PBXFrameworksBuildPhase;
			buildActionMask = 2147483647;
			files = (
				6494AB181C4986D600705320 /* ParseUI.framework in Frameworks */,
				6494AB191C4986D600705320 /* Bolts.framework in Frameworks */,
				52D9F1E21AF91C4500C3DCF3 /* Security.framework in Frameworks */,
				6414697B1B43BC7E00F70AB8 /* Slt.framework in Frameworks */,
				524C27161AF92CB30083AB5A /* Accounts.framework in Frameworks */,
				524C27141AF92CAB0083AB5A /* Social.framework in Frameworks */,
				52D9F1DA1AF91C4500C3DCF3 /* AudioToolbox.framework in Frameworks */,
				52D9F1DB1AF91C4500C3DCF3 /* CFNetwork.framework in Frameworks */,
				52D9F1DC1AF91C4500C3DCF3 /* CoreGraphics.framework in Frameworks */,
				52D9F1DD1AF91C4500C3DCF3 /* CoreLocation.framework in Frameworks */,
				6494AB151C4986D600705320 /* ParseFacebookUtils.framework in Frameworks */,
				52D9F1DE1AF91C4500C3DCF3 /* libsqlite3.dylib in Frameworks */,
				6494AB161C4986D600705320 /* ParseFacebookUtilsV4.framework in Frameworks */,
				52D9F1DF1AF91C4500C3DCF3 /* libz.dylib in Frameworks */,
				6494AB1A1C4986D600705320 /* Parse.framework in Frameworks */,
				52D9F1E01AF91C4500C3DCF3 /* MobileCoreServices.framework in Frameworks */,
				52D9F1E11AF91C4500C3DCF3 /* QuartzCore.framework in Frameworks */,
				6494AB171C4986D600705320 /* ParseTwitterUtils.framework in Frameworks */,
				52D9F1E41AF91C4500C3DCF3 /* SystemConfiguration.framework in Frameworks */,
				6414697A1B43BC7E00F70AB8 /* OpenEars.framework in Frameworks */,
			);
			runOnlyForDeploymentPostprocessing = 0;
		};
		52D9F1AF1AF9181B00C3DCF3 /* Frameworks */ = {
			isa = PBXFrameworksBuildPhase;
			buildActionMask = 2147483647;
			files = (
			);
			runOnlyForDeploymentPostprocessing = 0;
		};
/* End PBXFrameworksBuildPhase section */

/* Begin PBXGroup section */
		52D9F1911AF9181A00C3DCF3 = {
			isa = PBXGroup;
			children = (
				52D9F19C1AF9181A00C3DCF3 /* ZenWalk */,
				52D9F1B51AF9181B00C3DCF3 /* ZenWalkTests */,
				52D9F19B1AF9181A00C3DCF3 /* Products */,
			);
			sourceTree = "<group>";
		};
		52D9F19B1AF9181A00C3DCF3 /* Products */ = {
			isa = PBXGroup;
			children = (
				52D9F19A1AF9181A00C3DCF3 /* ZenWalk.app */,
				52D9F1B21AF9181B00C3DCF3 /* ZenWalkTests.xctest */,
			);
			name = Products;
			sourceTree = "<group>";
		};
		52D9F19C1AF9181A00C3DCF3 /* ZenWalk */ = {
			isa = PBXGroup;
			children = (
				64050F061CE6199A004F6435 /* ExperienceKit */,
				6455109F1C4E99FA00BB1C4C /* Audio */,
				52D9F1CE1AF91B9B00C3DCF3 /* Frameworks */,
				64DC05BD1B5ECC9600D4CDF6 /* UserInfo */,
				64DC05BB1B5ECBFC00D4CDF6 /* Login */,
				64DC05BC1B5ECC1500D4CDF6 /* Walk */,
				64DC05C41B5F146800D4CDF6 /* Main.storyboard */,
				64DC05B91B5ECBE000D4CDF6 /* HomeViewController.swift */,
				52D9F1A41AF9181A00C3DCF3 /* ViewController.swift */,
				6414697C1B43BCEC00F70AB8 /* OEBridging-Header.h */,
				643706C01C49849E00B3F463 /* ActuationController.swift */,
				52D9F1A91AF9181B00C3DCF3 /* Images.xcassets */,
				52D9F1AB1AF9181B00C3DCF3 /* LaunchScreen.xib */,
				52D9F1A11AF9181A00C3DCF3 /* ZenWalk.xcdatamodeld */,
				52D9F19D1AF9181A00C3DCF3 /* Supporting Files */,
			);
			path = ZenWalk;
			sourceTree = "<group>";
		};
		52D9F19D1AF9181A00C3DCF3 /* Supporting Files */ = {
			isa = PBXGroup;
			children = (
				52D9F19F1AF9181A00C3DCF3 /* AppDelegate.swift */,
				52D9F19E1AF9181A00C3DCF3 /* Info.plist */,
			);
			name = "Supporting Files";
			sourceTree = "<group>";
		};
		52D9F1B51AF9181B00C3DCF3 /* ZenWalkTests */ = {
			isa = PBXGroup;
			children = (
				52D9F1B81AF9181B00C3DCF3 /* ZenWalkTests.swift */,
				52D9F1B61AF9181B00C3DCF3 /* Supporting Files */,
			);
			path = ZenWalkTests;
			sourceTree = "<group>";
		};
		52D9F1B61AF9181B00C3DCF3 /* Supporting Files */ = {
			isa = PBXGroup;
			children = (
				52D9F1B71AF9181B00C3DCF3 /* Info.plist */,
			);
			name = "Supporting Files";
			sourceTree = "<group>";
		};
		52D9F1CE1AF91B9B00C3DCF3 /* Frameworks */ = {
			isa = PBXGroup;
			children = (
				6494AB0F1C4986D600705320 /* ParseFacebookUtils.framework */,
				6494AB101C4986D600705320 /* ParseFacebookUtilsV4.framework */,
				6494AB111C4986D600705320 /* ParseTwitterUtils.framework */,
				6494AB121C4986D600705320 /* ParseUI.framework */,
				6494AB131C4986D600705320 /* Bolts.framework */,
				6494AB141C4986D600705320 /* Parse.framework */,
				524C27151AF92CB30083AB5A /* Accounts.framework */,
				524C27131AF92CAB0083AB5A /* Social.framework */,
				641469771B43BC7E00F70AB8 /* Slt.framework */,
				641469761B43BC7E00F70AB8 /* OpenEars.framework */,
				52D9F1CF1AF91C4400C3DCF3 /* AudioToolbox.framework */,
				52D9F1D01AF91C4400C3DCF3 /* CFNetwork.framework */,
				52D9F1D11AF91C4400C3DCF3 /* CoreGraphics.framework */,
				52D9F1D21AF91C4500C3DCF3 /* CoreLocation.framework */,
				52D9F1D31AF91C4500C3DCF3 /* libsqlite3.dylib */,
				52D9F1D41AF91C4500C3DCF3 /* libz.dylib */,
				52D9F1D51AF91C4500C3DCF3 /* MobileCoreServices.framework */,
				52D9F1D61AF91C4500C3DCF3 /* QuartzCore.framework */,
				52D9F1D71AF91C4500C3DCF3 /* Security.framework */,
				52D9F1D91AF91C4500C3DCF3 /* SystemConfiguration.framework */,
			);
			name = Frameworks;
			sourceTree = "<group>";
		};
		64050F061CE6199A004F6435 /* ExperienceKit */ = {
			isa = PBXGroup;
			children = (
				64050F071CE6199A004F6435 /* Context.swift */,
				64050F081CE6199A004F6435 /* Interaction.swift */,
				64050F091CE6199A004F6435 /* managers */,
				64050F0E1CE6199A004F6435 /* moments */,
				64050F211CE6199A004F6435 /* Parse */,
				64050F271CE6199A004F6435 /* Requirement.swift */,
				64050F281CE6199A004F6435 /* Stage.swift */,
				64050F291CE6199A004F6435 /* utilities */,
			);
			path = ExperienceKit;
			sourceTree = "<group>";
		};
		64050F091CE6199A004F6435 /* managers */ = {
			isa = PBXGroup;
			children = (
				64050F0A1CE6199A004F6435 /* DataManager.swift */,
				64050F0B1CE6199A004F6435 /* ExperienceManager.swift */,
				64050F0C1CE6199A004F6435 /* OpportunityManager.swift */,
				64050F0D1CE6199A004F6435 /* ScaffoldingManager.swift */,
			);
			path = managers;
			sourceTree = "<group>";
		};
		64050F0E1CE6199A004F6435 /* moments */ = {
			isa = PBXGroup;
			children = (
				64050F0F1CE6199A004F6435 /* CollectorWithSound.swift */,
				64050F101CE6199A004F6435 /* ConditionalMoment.swift */,
				64050F111CE6199A004F6435 /* ContinuousMoment.swift */,
				64050F121CE6199A004F6435 /* FunctionMoment.swift */,
				64050F131CE6199A004F6435 /* Interim.swift */,
				64050F141CE6199A004F6435 /* KnockListener.swift */,
				64050F151CE6199A004F6435 /* Moment.swift */,
				64050F161CE6199A004F6435 /* OpportunityCheck.swift */,
				64050F171CE6199A004F6435 /* OpportunityPollerMoment.swift */,
				64050F181CE6199A004F6435 /* SensorCollector.swift */,
				64050F191CE6199A004F6435 /* SilentMoment.swift */,
				64050F1A1CE6199A004F6435 /* Sound.swift */,
				64050F1B1CE6199A004F6435 /* SpeechListener.swift */,
				64050F1C1CE6199A004F6435 /* SynthVoiceMoment.swift */,
				64050F1D1CE6199A004F6435 /* TriggerListener.swift */,
				64050F1E1CE6199A004F6435 /* TriggerListenerWithSound.swift */,
				64050F1F1CE6199A004F6435 /* WaitForDoubleKnock.swift */,
				64050F201CE6199A004F6435 /* WaitForWord.swift */,
			);
			path = moments;
			sourceTree = "<group>";
		};
		64050F211CE6199A004F6435 /* Parse */ = {
			isa = PBXGroup;
			children = (
				64050F221CE6199A004F6435 /* Experience.swift */,
				64050F231CE6199A004F6435 /* LocationUpdate.swift */,
				64050F241CE6199A004F6435 /* MotionActivityUpdate.swift */,
				64050F251CE6199A004F6435 /* SensorMoment.swift */,
				64050F261CE6199A004F6435 /* WorldObject.swift */,
			);
			path = Parse;
			sourceTree = "<group>";
		};
		64050F291CE6199A004F6435 /* utilities */ = {
			isa = PBXGroup;
			children = (
				64050F2A1CE6199A004F6435 /* Extensions.swift */,
				64050F2B1CE6199A004F6435 /* third_party */,
			);
			path = utilities;
			sourceTree = "<group>";
		};
		64050F2B1CE6199A004F6435 /* third_party */ = {
			isa = PBXGroup;
			children = (
				64050F2C1CE6199A004F6435 /* Events.swift */,
				64050F2D1CE6199A004F6435 /* TapShare */,
			);
			path = third_party;
			sourceTree = "<group>";
		};
		64050F2D1CE6199A004F6435 /* TapShare */ = {
			isa = PBXGroup;
			children = (
				64050F2E1CE6199A004F6435 /* ARAudioRecognizer */,
				64050F321CE6199A004F6435 /* TSCoreMotionListener.h */,
				64050F331CE6199A004F6435 /* TSCoreMotionListener.m */,
				64050F341CE6199A004F6435 /* TSTapDetector.h */,
				64050F351CE6199A004F6435 /* TSTapDetector.m */,
			);
			path = TapShare;
			sourceTree = "<group>";
		};
		64050F2E1CE6199A004F6435 /* ARAudioRecognizer */ = {
			isa = PBXGroup;
			children = (
				64050F2F1CE6199A004F6435 /* ARAudioRecognizer.h */,
				64050F301CE6199A004F6435 /* ARAudioRecognizer.m */,
				64050F311CE6199A004F6435 /* ARAudioRecognizerDelegate.h */,
			);
			path = ARAudioRecognizer;
			sourceTree = "<group>";
		};
		6455109F1C4E99FA00BB1C4C /* Audio */ = {
			isa = PBXGroup;
			children = (
				64050F361CE6199A004F6435 /* body_and_posture_awareness_2-00.mp3 */,
				64050F371CE6199A004F6435 /* what_is_mindfulness_1-45.mp3 */,
				64050F381CE6199A004F6435 /* allow_mind_to_be_free_2-30.mp3 */,
				64050F391CE6199A004F6435 /* focus_on_environment_3-00.mp3 */,
				64050F3A1CE6199A004F6435 /* near_the_tree_2-00.mp3 */,
				64050F3B1CE6199A004F6435 /* as_before_observe_tree_1-10.mp3 */,
				64050F3C1CE6199A004F6435 /* reflect_3-20.mp3 */,
				6410509A1CCE7813005B7EED /* allow_your_awareness_2-30.mp3 */,
				6410509B1CCE7813005B7EED /* as_you_begin_to_walk_1-05.mp3 */,
				6410509C1CCE7813005B7EED /* as_you_walk_4-00.mp3 */,
				6410509D1CCE7813005B7EED /* continue_to_walk_3-00.mp3 */,
				6410509E1CCE7813005B7EED /* continue_walking_naturally_3-00.mp3 */,
				6410509F1CCE7813005B7EED /* now_as_we_come_to_the_end_3-00.mp3 */,
				641050A01CCE7813005B7EED /* once_you're_near_the_tree_4-20.mp3 */,
				641050A11CCE7813005B7EED /* once_you're_near_the_tree_just_walk_4-05.mp3 */,
				64E399191C839FBA00E99C53 /* WalkingBreathingLong_1-42.mp3 */,
				64E3991A1C839FBA00E99C53 /* WalkingPosture_5-37.mp3 */,
				64E3991B1C839FBA00E99C53 /* WalkingObserveSurroundings_4-00.mp3 */,
				64E168DF1C724C0300855524 /* CircleNextTree_2-33.mp3 */,
				6458E5BB1C5C481D00989783 /* WalkObservingBody_1-16min.mp3 */,
				6458E5BC1C5C481D00989783 /* Standing_1-16min.mp3 */,
				6458E5B91C5BFA0B00989783 /* ObservingTrees_3-20min.mp3 */,
				6458E5B71C5BF1BA00989783 /* Standing_2min.mp3 */,
				6429C2571C4EA86300E845F9 /* test1.mp3 */,
				6429C2581C4EA86300E845F9 /* test2.mp3 */,
				6429C2591C4EA86300E845F9 /* test3.mp3 */,
				6429C25A1C4EA86300E845F9 /* test4.mp3 */,
				645510A01C4E99FA00BB1C4C /* End.mp3 */,
				645510A11C4E99FA00BB1C4C /* ObserveTrees_4.mp3 */,
				645510A21C4E99FA00BB1C4C /* ObserveTreesShort_4.mp3 */,
				645510A31C4E99FA00BB1C4C /* Standing_1.mp3 */,
				645510A41C4E99FA00BB1C4C /* StandingShort_1.mp3 */,
				645510A51C4E99FA00BB1C4C /* TreeCircle_5.mp3 */,
				645510A61C4E99FA00BB1C4C /* TreeSpin_5.mp3 */,
				645510A71C4E99FA00BB1C4C /* WalkingAwarenessofSurroundings_3.mp3 */,
				645510A81C4E99FA00BB1C4C /* WalkingBreathingShort_3.mp3 */,
				645510A91C4E99FA00BB1C4C /* WalkingEmotions_3.mp3 */,
				645510AA1C4E99FA00BB1C4C /* WalkingFeelings_3.mp3 */,
				645510AB1C4E99FA00BB1C4C /* WalkingObjofConsciousness_3.mp3 */,
				645510AC1C4E99FA00BB1C4C /* WalkingPosture1_2.mp3 */,
				645510AD1C4E99FA00BB1C4C /* WalkingPosture2_2.mp3 */,
				64E168D71C724AC300855524 /* End_3-03.mp3 */,
				64E168D81C724AC300855524 /* Standing_3-20.mp3 */,
				64E168D91C724AC300855524 /* FindAnotherTree_1-05.mp3 */,
				64E168DA1C724AC300855524 /* CircleFirstTree_2-48.mp3 */,
				645510AE1C4E99FA00BB1C4C /* WalkingPostureShort_2.mp3 */,
			);
			path = Audio;
			sourceTree = "<group>";
		};
		64DC05BB1B5ECBFC00D4CDF6 /* Login */ = {
			isa = PBXGroup;
			children = (
				64DC05B71B5ECB5E00D4CDF6 /* Login.storyboard */,
				64CBDBBC1B557A04000354EB /* SignUpInViewController.swift */,
			);
			name = Login;
			sourceTree = "<group>";
		};
		64DC05BC1B5ECC1500D4CDF6 /* Walk */ = {
			isa = PBXGroup;
			children = (
				64DC05BE1B5ECD1900D4CDF6 /* Walk.storyboard */,
				6494AB1D1C49A15300705320 /* AudioManager.swift */,
				64CBDBC21B559F33000354EB /* ConditionViewController.swift */,
				6494AB1B1C498B1800705320 /* WalkViewController.swift */,
				64CBDBBF1B559EFD000354EB /* MeditationViewController.swift */,
				64E7D4C01B5D744B00FCF61B /* EndViewController.swift */,
			);
			name = Walk;
			sourceTree = "<group>";
		};
		64DC05BD1B5ECC9600D4CDF6 /* UserInfo */ = {
			isa = PBXGroup;
			children = (
				64DC05C21B5F12B600D4CDF6 /* UserInfo.storyboard */,
				64DC05C01B5F128A00D4CDF6 /* UserProfileViewController.swift */,
				64F740A81B5CBB370024D45D /* WalksListViewController.swift */,
			);
			name = UserInfo;
			sourceTree = "<group>";
		};
/* End PBXGroup section */

/* Begin PBXNativeTarget section */
		52D9F1991AF9181A00C3DCF3 /* ZenWalk */ = {
			isa = PBXNativeTarget;
			buildConfigurationList = 52D9F1BC1AF9181B00C3DCF3 /* Build configuration list for PBXNativeTarget "ZenWalk" */;
			buildPhases = (
				52D9F1961AF9181A00C3DCF3 /* Sources */,
				52D9F1971AF9181A00C3DCF3 /* Frameworks */,
				52D9F1981AF9181A00C3DCF3 /* Resources */,
			);
			buildRules = (
			);
			dependencies = (
			);
			name = ZenWalk;
			productName = ZenWalk;
			productReference = 52D9F19A1AF9181A00C3DCF3 /* ZenWalk.app */;
			productType = "com.apple.product-type.application";
		};
		52D9F1B11AF9181B00C3DCF3 /* ZenWalkTests */ = {
			isa = PBXNativeTarget;
			buildConfigurationList = 52D9F1BF1AF9181B00C3DCF3 /* Build configuration list for PBXNativeTarget "ZenWalkTests" */;
			buildPhases = (
				52D9F1AE1AF9181B00C3DCF3 /* Sources */,
				52D9F1AF1AF9181B00C3DCF3 /* Frameworks */,
				52D9F1B01AF9181B00C3DCF3 /* Resources */,
			);
			buildRules = (
			);
			dependencies = (
				52D9F1B41AF9181B00C3DCF3 /* PBXTargetDependency */,
			);
			name = ZenWalkTests;
			productName = ZenWalkTests;
			productReference = 52D9F1B21AF9181B00C3DCF3 /* ZenWalkTests.xctest */;
			productType = "com.apple.product-type.bundle.unit-test";
		};
/* End PBXNativeTarget section */

/* Begin PBXProject section */
		52D9F1921AF9181A00C3DCF3 /* Project object */ = {
			isa = PBXProject;
			attributes = {
				LastSwiftUpdateCheck = 0720;
				LastUpgradeCheck = 0630;
				ORGANIZATIONNAME = "Scott Cambo";
				TargetAttributes = {
					52D9F1991AF9181A00C3DCF3 = {
						CreatedOnToolsVersion = 6.3.1;
						SystemCapabilities = {
							com.apple.BackgroundModes = {
								enabled = 1;
							};
							com.apple.InAppPurchase = {
								enabled = 0;
							};
						};
					};
					52D9F1B11AF9181B00C3DCF3 = {
						CreatedOnToolsVersion = 6.3.1;
						TestTargetID = 52D9F1991AF9181A00C3DCF3;
					};
				};
			};
			buildConfigurationList = 52D9F1951AF9181A00C3DCF3 /* Build configuration list for PBXProject "ZenWalk" */;
			compatibilityVersion = "Xcode 3.2";
			developmentRegion = English;
			hasScannedForEncodings = 0;
			knownRegions = (
				en,
				Base,
			);
			mainGroup = 52D9F1911AF9181A00C3DCF3;
			productRefGroup = 52D9F19B1AF9181A00C3DCF3 /* Products */;
			projectDirPath = "";
			projectRoot = "";
			targets = (
				52D9F1991AF9181A00C3DCF3 /* ZenWalk */,
				52D9F1B11AF9181B00C3DCF3 /* ZenWalkTests */,
			);
		};
/* End PBXProject section */

/* Begin PBXResourcesBuildPhase section */
		52D9F1981AF9181A00C3DCF3 /* Resources */ = {
			isa = PBXResourcesBuildPhase;
			buildActionMask = 2147483647;
			files = (
				645510B81C4E99FA00BB1C4C /* WalkingEmotions_3.mp3 in Resources */,
				641050A81CCE7813005B7EED /* once_you're_near_the_tree_4-20.mp3 in Resources */,
				641050A21CCE7813005B7EED /* allow_your_awareness_2-30.mp3 in Resources */,
				64DC05C51B5F146800D4CDF6 /* Main.storyboard in Resources */,
				6458E5B81C5BF1BA00989783 /* Standing_2min.mp3 in Resources */,
				64E168DB1C724AC300855524 /* End_3-03.mp3 in Resources */,
				6458E5BE1C5C481D00989783 /* Standing_1-16min.mp3 in Resources */,
				64E168DC1C724AC300855524 /* Standing_3-20.mp3 in Resources */,
				641050A31CCE7813005B7EED /* as_you_begin_to_walk_1-05.mp3 in Resources */,
				641050A51CCE7813005B7EED /* continue_to_walk_3-00.mp3 in Resources */,
				6429C25D1C4EA86300E845F9 /* test3.mp3 in Resources */,
				64DC05B81B5ECB5E00D4CDF6 /* Login.storyboard in Resources */,
				64DC05BF1B5ECD1900D4CDF6 /* Walk.storyboard in Resources */,
				645510B31C4E99FA00BB1C4C /* StandingShort_1.mp3 in Resources */,
				645510BB1C4E99FA00BB1C4C /* WalkingPosture1_2.mp3 in Resources */,
				6429C25E1C4EA86300E845F9 /* test4.mp3 in Resources */,
				52D9F1AD1AF9181B00C3DCF3 /* LaunchScreen.xib in Resources */,
				64050F621CE6199A004F6435 /* what_is_mindfulness_1-45.mp3 in Resources */,
				645510B11C4E99FA00BB1C4C /* ObserveTreesShort_4.mp3 in Resources */,
				641050A41CCE7813005B7EED /* as_you_walk_4-00.mp3 in Resources */,
				645510BD1C4E99FA00BB1C4C /* WalkingPostureShort_2.mp3 in Resources */,
				64E3991D1C839FBA00E99C53 /* WalkingPosture_5-37.mp3 in Resources */,
				641050A71CCE7813005B7EED /* now_as_we_come_to_the_end_3-00.mp3 in Resources */,
				64050F611CE6199A004F6435 /* body_and_posture_awareness_2-00.mp3 in Resources */,
				645510B01C4E99FA00BB1C4C /* ObserveTrees_4.mp3 in Resources */,
				64E168E01C724C0300855524 /* CircleNextTree_2-33.mp3 in Resources */,
				52D9F1AA1AF9181B00C3DCF3 /* Images.xcassets in Resources */,
				645510B61C4E99FA00BB1C4C /* WalkingAwarenessofSurroundings_3.mp3 in Resources */,
				64050F631CE6199A004F6435 /* allow_mind_to_be_free_2-30.mp3 in Resources */,
				6458E5BD1C5C481D00989783 /* WalkObservingBody_1-16min.mp3 in Resources */,
				641050A91CCE7813005B7EED /* once_you're_near_the_tree_just_walk_4-05.mp3 in Resources */,
				645510B91C4E99FA00BB1C4C /* WalkingFeelings_3.mp3 in Resources */,
				64050F671CE6199A004F6435 /* reflect_3-20.mp3 in Resources */,
				645510B71C4E99FA00BB1C4C /* WalkingBreathingShort_3.mp3 in Resources */,
				645510B41C4E99FA00BB1C4C /* TreeCircle_5.mp3 in Resources */,
				645510AF1C4E99FA00BB1C4C /* End.mp3 in Resources */,
				64050F641CE6199A004F6435 /* focus_on_environment_3-00.mp3 in Resources */,
				6458E5BA1C5BFA0B00989783 /* ObservingTrees_3-20min.mp3 in Resources */,
				64E168DE1C724AC300855524 /* CircleFirstTree_2-48.mp3 in Resources */,
				645510B21C4E99FA00BB1C4C /* Standing_1.mp3 in Resources */,
				641050A61CCE7813005B7EED /* continue_walking_naturally_3-00.mp3 in Resources */,
				64050F661CE6199A004F6435 /* as_before_observe_tree_1-10.mp3 in Resources */,
				645510BA1C4E99FA00BB1C4C /* WalkingObjofConsciousness_3.mp3 in Resources */,
				64E168DD1C724AC300855524 /* FindAnotherTree_1-05.mp3 in Resources */,
				645510BC1C4E99FA00BB1C4C /* WalkingPosture2_2.mp3 in Resources */,
				6429C25C1C4EA86300E845F9 /* test2.mp3 in Resources */,
				645510B51C4E99FA00BB1C4C /* TreeSpin_5.mp3 in Resources */,
				64E3991C1C839FBA00E99C53 /* WalkingBreathingLong_1-42.mp3 in Resources */,
				64E3991E1C839FBA00E99C53 /* WalkingObserveSurroundings_4-00.mp3 in Resources */,
				6429C25B1C4EA86300E845F9 /* test1.mp3 in Resources */,
				64DC05C31B5F12B600D4CDF6 /* UserInfo.storyboard in Resources */,
				64050F651CE6199A004F6435 /* near_the_tree_2-00.mp3 in Resources */,
			);
			runOnlyForDeploymentPostprocessing = 0;
		};
		52D9F1B01AF9181B00C3DCF3 /* Resources */ = {
			isa = PBXResourcesBuildPhase;
			buildActionMask = 2147483647;
			files = (
			);
			runOnlyForDeploymentPostprocessing = 0;
		};
/* End PBXResourcesBuildPhase section */

/* Begin PBXSourcesBuildPhase section */
		52D9F1961AF9181A00C3DCF3 /* Sources */ = {
			isa = PBXSourcesBuildPhase;
			buildActionMask = 2147483647;
			files = (
				64050F531CE6199A004F6435 /* WaitForDoubleKnock.swift in Sources */,
				64050F521CE6199A004F6435 /* TriggerListenerWithSound.swift in Sources */,
				64050F5E1CE6199A004F6435 /* ARAudioRecognizer.m in Sources */,
				64050F5D1CE6199A004F6435 /* Events.swift in Sources */,
				64E7D4C11B5D744B00FCF61B /* EndViewController.swift in Sources */,
				64050F3D1CE6199A004F6435 /* Context.swift in Sources */,
				64DC05C11B5F128A00D4CDF6 /* UserProfileViewController.swift in Sources */,
				64050F411CE6199A004F6435 /* OpportunityManager.swift in Sources */,
				64050F471CE6199A004F6435 /* Interim.swift in Sources */,
				64050F5C1CE6199A004F6435 /* Extensions.swift in Sources */,
				6494AB1C1C498B1800705320 /* WalkViewController.swift in Sources */,
				64050F421CE6199A004F6435 /* ScaffoldingManager.swift in Sources */,
				64050F4B1CE6199A004F6435 /* OpportunityPollerMoment.swift in Sources */,
				52D9F1A51AF9181A00C3DCF3 /* ViewController.swift in Sources */,
				64050F481CE6199A004F6435 /* KnockListener.swift in Sources */,
				64050F4F1CE6199A004F6435 /* SpeechListener.swift in Sources */,
				64F740A91B5CBB370024D45D /* WalksListViewController.swift in Sources */,
				6494AB1E1C49A15300705320 /* AudioManager.swift in Sources */,
				64050F501CE6199A004F6435 /* SynthVoiceMoment.swift in Sources */,
				64050F4D1CE6199A004F6435 /* SilentMoment.swift in Sources */,
				64CBDBBD1B557A04000354EB /* SignUpInViewController.swift in Sources */,
				64050F441CE6199A004F6435 /* ConditionalMoment.swift in Sources */,
				64CBDBC31B559F33000354EB /* ConditionViewController.swift in Sources */,
				64DC05BA1B5ECBE000D4CDF6 /* HomeViewController.swift in Sources */,
				64050F4A1CE6199A004F6435 /* OpportunityCheck.swift in Sources */,
				64050F561CE6199A004F6435 /* LocationUpdate.swift in Sources */,
				64050F431CE6199A004F6435 /* CollectorWithSound.swift in Sources */,
				64050F491CE6199A004F6435 /* Moment.swift in Sources */,
				64050F551CE6199A004F6435 /* Experience.swift in Sources */,
				643706C11C49849E00B3F463 /* ActuationController.swift in Sources */,
				64050F451CE6199A004F6435 /* ContinuousMoment.swift in Sources */,
				64050F571CE6199A004F6435 /* MotionActivityUpdate.swift in Sources */,
				64050F541CE6199A004F6435 /* WaitForWord.swift in Sources */,
				64050F3E1CE6199A004F6435 /* Interaction.swift in Sources */,
				64050F401CE6199A004F6435 /* ExperienceManager.swift in Sources */,
				64050F591CE6199A004F6435 /* WorldObject.swift in Sources */,
				52D9F1A31AF9181A00C3DCF3 /* ZenWalk.xcdatamodeld in Sources */,
				64050F5F1CE6199A004F6435 /* TSCoreMotionListener.m in Sources */,
				64050F581CE6199A004F6435 /* SensorMoment.swift in Sources */,
				64050F4C1CE6199A004F6435 /* SensorCollector.swift in Sources */,
				64050F5A1CE6199A004F6435 /* Requirement.swift in Sources */,
				64050F461CE6199A004F6435 /* FunctionMoment.swift in Sources */,
				64CBDBC11B559EFD000354EB /* MeditationViewController.swift in Sources */,
				64050F5B1CE6199A004F6435 /* Stage.swift in Sources */,
				64050F3F1CE6199A004F6435 /* DataManager.swift in Sources */,
				64050F511CE6199A004F6435 /* TriggerListener.swift in Sources */,
				52D9F1A01AF9181A00C3DCF3 /* AppDelegate.swift in Sources */,
				64050F601CE6199A004F6435 /* TSTapDetector.m in Sources */,
				64050F4E1CE6199A004F6435 /* Sound.swift in Sources */,
			);
			runOnlyForDeploymentPostprocessing = 0;
		};
		52D9F1AE1AF9181B00C3DCF3 /* Sources */ = {
			isa = PBXSourcesBuildPhase;
			buildActionMask = 2147483647;
			files = (
				52D9F1B91AF9181B00C3DCF3 /* ZenWalkTests.swift in Sources */,
			);
			runOnlyForDeploymentPostprocessing = 0;
		};
/* End PBXSourcesBuildPhase section */

/* Begin PBXTargetDependency section */
		52D9F1B41AF9181B00C3DCF3 /* PBXTargetDependency */ = {
			isa = PBXTargetDependency;
			target = 52D9F1991AF9181A00C3DCF3 /* ZenWalk */;
			targetProxy = 52D9F1B31AF9181B00C3DCF3 /* PBXContainerItemProxy */;
		};
/* End PBXTargetDependency section */

/* Begin PBXVariantGroup section */
		52D9F1AB1AF9181B00C3DCF3 /* LaunchScreen.xib */ = {
			isa = PBXVariantGroup;
			children = (
				52D9F1AC1AF9181B00C3DCF3 /* Base */,
			);
			name = LaunchScreen.xib;
			sourceTree = "<group>";
		};
/* End PBXVariantGroup section */

/* Begin XCBuildConfiguration section */
		52D9F1BA1AF9181B00C3DCF3 /* Debug */ = {
			isa = XCBuildConfiguration;
			buildSettings = {
				ALWAYS_SEARCH_USER_PATHS = NO;
				CLANG_CXX_LANGUAGE_STANDARD = "gnu++0x";
				CLANG_CXX_LIBRARY = "libc++";
				CLANG_ENABLE_MODULES = YES;
				CLANG_ENABLE_OBJC_ARC = YES;
				CLANG_WARN_BOOL_CONVERSION = YES;
				CLANG_WARN_CONSTANT_CONVERSION = YES;
				CLANG_WARN_DIRECT_OBJC_ISA_USAGE = YES_ERROR;
				CLANG_WARN_EMPTY_BODY = YES;
				CLANG_WARN_ENUM_CONVERSION = YES;
				CLANG_WARN_INT_CONVERSION = YES;
				CLANG_WARN_OBJC_ROOT_CLASS = YES_ERROR;
				CLANG_WARN_UNREACHABLE_CODE = YES;
				CLANG_WARN__DUPLICATE_METHOD_MATCH = YES;
				"CODE_SIGN_IDENTITY[sdk=iphoneos*]" = "iPhone Developer";
				COPY_PHASE_STRIP = NO;
				DEBUG_INFORMATION_FORMAT = "dwarf-with-dsym";
				ENABLE_STRICT_OBJC_MSGSEND = YES;
				GCC_C_LANGUAGE_STANDARD = gnu99;
				GCC_DYNAMIC_NO_PIC = NO;
				GCC_NO_COMMON_BLOCKS = YES;
				GCC_OPTIMIZATION_LEVEL = 0;
				GCC_PREPROCESSOR_DEFINITIONS = (
					"DEBUG=1",
					"$(inherited)",
				);
				GCC_SYMBOLS_PRIVATE_EXTERN = NO;
				GCC_WARN_64_TO_32_BIT_CONVERSION = YES;
				GCC_WARN_ABOUT_RETURN_TYPE = YES_ERROR;
				GCC_WARN_UNDECLARED_SELECTOR = YES;
				GCC_WARN_UNINITIALIZED_AUTOS = YES_AGGRESSIVE;
				GCC_WARN_UNUSED_FUNCTION = YES;
				GCC_WARN_UNUSED_VARIABLE = YES;
				IPHONEOS_DEPLOYMENT_TARGET = 8.3;
				MTL_ENABLE_DEBUG_INFO = YES;
				ONLY_ACTIVE_ARCH = YES;
				SDKROOT = iphoneos;
				SWIFT_OPTIMIZATION_LEVEL = "-Onone";
			};
			name = Debug;
		};
		52D9F1BB1AF9181B00C3DCF3 /* Release */ = {
			isa = XCBuildConfiguration;
			buildSettings = {
				ALWAYS_SEARCH_USER_PATHS = NO;
				CLANG_CXX_LANGUAGE_STANDARD = "gnu++0x";
				CLANG_CXX_LIBRARY = "libc++";
				CLANG_ENABLE_MODULES = YES;
				CLANG_ENABLE_OBJC_ARC = YES;
				CLANG_WARN_BOOL_CONVERSION = YES;
				CLANG_WARN_CONSTANT_CONVERSION = YES;
				CLANG_WARN_DIRECT_OBJC_ISA_USAGE = YES_ERROR;
				CLANG_WARN_EMPTY_BODY = YES;
				CLANG_WARN_ENUM_CONVERSION = YES;
				CLANG_WARN_INT_CONVERSION = YES;
				CLANG_WARN_OBJC_ROOT_CLASS = YES_ERROR;
				CLANG_WARN_UNREACHABLE_CODE = YES;
				CLANG_WARN__DUPLICATE_METHOD_MATCH = YES;
				"CODE_SIGN_IDENTITY[sdk=iphoneos*]" = "iPhone Developer";
				COPY_PHASE_STRIP = NO;
				DEBUG_INFORMATION_FORMAT = "dwarf-with-dsym";
				ENABLE_NS_ASSERTIONS = NO;
				ENABLE_STRICT_OBJC_MSGSEND = YES;
				GCC_C_LANGUAGE_STANDARD = gnu99;
				GCC_NO_COMMON_BLOCKS = YES;
				GCC_WARN_64_TO_32_BIT_CONVERSION = YES;
				GCC_WARN_ABOUT_RETURN_TYPE = YES_ERROR;
				GCC_WARN_UNDECLARED_SELECTOR = YES;
				GCC_WARN_UNINITIALIZED_AUTOS = YES_AGGRESSIVE;
				GCC_WARN_UNUSED_FUNCTION = YES;
				GCC_WARN_UNUSED_VARIABLE = YES;
				IPHONEOS_DEPLOYMENT_TARGET = 8.3;
				MTL_ENABLE_DEBUG_INFO = NO;
				SDKROOT = iphoneos;
				VALIDATE_PRODUCT = YES;
			};
			name = Release;
		};
		52D9F1BD1AF9181B00C3DCF3 /* Debug */ = {
			isa = XCBuildConfiguration;
			buildSettings = {
				ASSETCATALOG_COMPILER_APPICON_NAME = AppIcon;
				CODE_SIGN_IDENTITY = "iPhone Developer";
				"CODE_SIGN_IDENTITY[sdk=iphoneos*]" = "iPhone Developer";
				ENABLE_BITCODE = NO;
				FRAMEWORK_SEARCH_PATHS = (
					"$(inherited)",
					"$(PROJECT_DIR)/ZenWalk",
					"$(PROJECT_DIR)/ZenWalk/Framework",
					"$(PROJECT_DIR)/ZenWalk/Framework/AcousticModelEnglish.bundle",
					"$(PROJECT_DIR)",
				);
				INFOPLIST_FILE = ZenWalk/Info.plist;
				IPHONEOS_DEPLOYMENT_TARGET = 8.0;
				LD_RUNPATH_SEARCH_PATHS = "$(inherited) @executable_path/Frameworks";
				PRODUCT_NAME = "$(TARGET_NAME)";
				PROVISIONING_PROFILE = "228df4d3-4dc3-45b4-9b57-f30e5c4da934";
				SWIFT_OBJC_BRIDGING_HEADER = "$(SRCROOT)/ZenWalk/OEBridging-Header.h";
			};
			name = Debug;
		};
		52D9F1BE1AF9181B00C3DCF3 /* Release */ = {
			isa = XCBuildConfiguration;
			buildSettings = {
				ASSETCATALOG_COMPILER_APPICON_NAME = AppIcon;
				CODE_SIGN_IDENTITY = "iPhone Distribution: Northwestern University";
				"CODE_SIGN_IDENTITY[sdk=iphoneos*]" = "iPhone Distribution: Northwestern University";
				ENABLE_BITCODE = NO;
				FRAMEWORK_SEARCH_PATHS = (
					"$(inherited)",
					"$(PROJECT_DIR)/ZenWalk",
					"$(PROJECT_DIR)/ZenWalk/Framework",
					"$(PROJECT_DIR)/ZenWalk/Framework/AcousticModelEnglish.bundle",
					"$(PROJECT_DIR)",
				);
				INFOPLIST_FILE = ZenWalk/Info.plist;
				IPHONEOS_DEPLOYMENT_TARGET = 8.0;
				LD_RUNPATH_SEARCH_PATHS = "$(inherited) @executable_path/Frameworks";
				PRODUCT_NAME = "$(TARGET_NAME)";
				PROVISIONING_PROFILE = "228df4d3-4dc3-45b4-9b57-f30e5c4da934";
				SWIFT_OBJC_BRIDGING_HEADER = "$(SRCROOT)/ZenWalk/OEBridging-Header.h";
			};
			name = Release;
		};
		52D9F1C01AF9181B00C3DCF3 /* Debug */ = {
			isa = XCBuildConfiguration;
			buildSettings = {
				BUNDLE_LOADER = "$(TEST_HOST)";
				FRAMEWORK_SEARCH_PATHS = (
					"$(SDKROOT)/Developer/Library/Frameworks",
					"$(inherited)",
				);
				GCC_PREPROCESSOR_DEFINITIONS = (
					"DEBUG=1",
					"$(inherited)",
				);
				INFOPLIST_FILE = ZenWalkTests/Info.plist;
				LD_RUNPATH_SEARCH_PATHS = "$(inherited) @executable_path/Frameworks @loader_path/Frameworks";
				PRODUCT_NAME = "$(TARGET_NAME)";
				TEST_HOST = "$(BUILT_PRODUCTS_DIR)/ZenWalk.app/ZenWalk";
			};
			name = Debug;
		};
		52D9F1C11AF9181B00C3DCF3 /* Release */ = {
			isa = XCBuildConfiguration;
			buildSettings = {
				BUNDLE_LOADER = "$(TEST_HOST)";
				FRAMEWORK_SEARCH_PATHS = (
					"$(SDKROOT)/Developer/Library/Frameworks",
					"$(inherited)",
				);
				INFOPLIST_FILE = ZenWalkTests/Info.plist;
				LD_RUNPATH_SEARCH_PATHS = "$(inherited) @executable_path/Frameworks @loader_path/Frameworks";
				PRODUCT_NAME = "$(TARGET_NAME)";
				TEST_HOST = "$(BUILT_PRODUCTS_DIR)/ZenWalk.app/ZenWalk";
			};
			name = Release;
		};
/* End XCBuildConfiguration section */

/* Begin XCConfigurationList section */
		52D9F1951AF9181A00C3DCF3 /* Build configuration list for PBXProject "ZenWalk" */ = {
			isa = XCConfigurationList;
			buildConfigurations = (
				52D9F1BA1AF9181B00C3DCF3 /* Debug */,
				52D9F1BB1AF9181B00C3DCF3 /* Release */,
			);
			defaultConfigurationIsVisible = 0;
			defaultConfigurationName = Release;
		};
		52D9F1BC1AF9181B00C3DCF3 /* Build configuration list for PBXNativeTarget "ZenWalk" */ = {
			isa = XCConfigurationList;
			buildConfigurations = (
				52D9F1BD1AF9181B00C3DCF3 /* Debug */,
				52D9F1BE1AF9181B00C3DCF3 /* Release */,
			);
			defaultConfigurationIsVisible = 0;
			defaultConfigurationName = Release;
		};
		52D9F1BF1AF9181B00C3DCF3 /* Build configuration list for PBXNativeTarget "ZenWalkTests" */ = {
			isa = XCConfigurationList;
			buildConfigurations = (
				52D9F1C01AF9181B00C3DCF3 /* Debug */,
				52D9F1C11AF9181B00C3DCF3 /* Release */,
			);
			defaultConfigurationIsVisible = 0;
			defaultConfigurationName = Release;
		};
/* End XCConfigurationList section */

/* Begin XCVersionGroup section */
		52D9F1A11AF9181A00C3DCF3 /* ZenWalk.xcdatamodeld */ = {
			isa = XCVersionGroup;
			children = (
				52D9F1A21AF9181A00C3DCF3 /* ZenWalk.xcdatamodel */,
			);
			currentVersion = 52D9F1A21AF9181A00C3DCF3 /* ZenWalk.xcdatamodel */;
			path = ZenWalk.xcdatamodeld;
			sourceTree = "<group>";
			versionGroupType = wrapper.xcdatamodel;
		};
/* End XCVersionGroup section */
	};
	rootObject = 52D9F1921AF9181A00C3DCF3 /* Project object */;
}
